{
  "object": {
    "pins": [
      {
        "package": "AnyCodable",
        "repositoryURL": "https://github.com/Flight-School/AnyCodable",
        "state": {
          "branch": null,
          "revision": "862808b2070cd908cb04f9aafe7de83d35f81b05",
          "version": "0.6.7"
        }
      },
      {
        "package": "AXSwift",
        "repositoryURL": "https://github.com/alin23/AXSwift",
        "state": {
          "branch": "main",
          "revision": "055c6abb49bb86c8d700da74d834523b03b4d702",
          "version": null
        }
      },
      {
        "package": "BlueSocket",
        "repositoryURL": "https://github.com/alin23/BlueSocket",
        "state": {
          "branch": "master",
          "revision": "4e334a848f89c44b2348332f0996f312dc6ed0d2",
          "version": null
        }
      },
      {
        "package": "Charts",
        "repositoryURL": "https://github.com/alin23/Charts/",
        "state": {
          "branch": "master",
          "revision": "27af8f086176bbaabb2bfcd53005bf8e0647a296",
          "version": null
        }
      },
      {
        "package": "DataCompression",
        "repositoryURL": "https://github.com/mw99/DataCompression/",
        "state": {
          "branch": null,
          "revision": "16f858982a077451ce3bdbd9144d3073ec85b6e4",
          "version": "3.9.0"
        }
      },
      {
        "package": "Defaults",
        "repositoryURL": "https://github.com/sindresorhus/Defaults",
        "state": {
          "branch": null,
          "revision": "3efef5a28ebdbbe922d4a2049493733ed14475a6",
          "version": "7.3.1"
        }
      },
      {
        "package": "Glob",
        "repositoryURL": "https://github.com/Bouke/Glob",
        "state": {
          "branch": null,
          "revision": "deda6e163d2ff2a8d7e138e2c3326dbd71157faf",
          "version": "1.0.5"
        }
      },
      {
        "package": "KeyHolder",
        "repositoryURL": "https://github.com/alin23/KeyHolder",
        "state": {
          "branch": "master",
          "revision": "4cbb7eaa0b9ba245d33e9cf176f2b70c778f2784",
          "version": null
        }
      },
      {
        "package": "MacModelDB",
        "repositoryURL": "https://github.com/alin23/MacModelDB",
        "state": {
          "branch": null,
          "revision": "7a529050731855763504809820395484669458c2",
          "version": "1.0.2"
        }
      },
      {
        "package": "Magnet",
        "repositoryURL": "https://github.com/alin23/Magnet",
        "state": {
          "branch": "dev",
          "revision": "a21e6c4fd0fdb0244009e7c1fce64b31a01c39ca",
          "version": null
        }
      },
      {
        "package": "MediaKeyTap",
        "repositoryURL": "https://github.com/alin23/MediaKeyTap",
        "state": {
          "branch": "dev",
          "revision": "5b8ee686bc90d917cba4f029b47c2a8541a4f58d",
          "version": null
        }
      },
      {
        "package": "Path.swift",
        "repositoryURL": "https://github.com/mxcl/Path.swift",
        "state": {
          "branch": null,
          "revision": "74ec90bbe50a3376e399286fed48b60db9b91bb1",
          "version": "1.6.0"
        }
      },
      {
        "package": "Regex",
        "repositoryURL": "https://github.com/crossroadlabs/Regex",
        "state": {
          "branch": null,
          "revision": "166728756082a9cac6e4aed3ebbce8e41cb3a945",
          "version": "1.2.0"
        }
      },
      {
        "package": "Sauce",
        "repositoryURL": "https://github.com/Clipy/Sauce",
        "state": {
          "branch": null,
          "revision": "2fcf7e43a242b183fdea3f2275ebec0d773b65f5",
          "version": "2.2.0"
        }
      },
      {
        "package": "Sentry",
        "repositoryURL": "https://github.com/getsentry/sentry-cocoa",
        "state": {
          "branch": null,
          "revision": "d459ff99b1912c9603c9e607e030b4b98e2e199a",
          "version": "9.9.0"
        }
      },
      {
        "package": "SimplyCoreAudio",
        "repositoryURL": "https://github.com/rnine/SimplyCoreAudio",
        "state": {
          "branch": "develop",
          "revision": "b5430564b1d55adab3c331fb7574445a84bd4ceb",
          "version": null
        }
      },
      {
        "package": "Surge",
        "repositoryURL": "https://github.com/Jounce/Surge",
        "state": {
          "branch": null,
          "revision": "6e4a47e63da8801afe6188cf039e9f04eb577721",
          "version": "2.3.2"
        }
      },
      {
        "package": "swift-algorithms",
        "repositoryURL": "https://github.com/apple/swift-algorithms",
        "state": {
          "branch": null,
          "revision": "87e50f483c54e6efd60e885f7f5aa946cee68023",
          "version": "1.2.1"
        }
      },
      {
        "package": "swift-argument-parser",
        "repositoryURL": "https://github.com/apple/swift-argument-parser",
        "state": {
          "branch": null,
          "revision": "626b5b7b2f45e1b0b1c6f4a309296d1d21d7311b",
          "version": "1.7.1"
        }
      },
      {
        "package": "swift-atomics",
        "repositoryURL": "https://github.com/apple/swift-atomics.git",
        "state": {
          "branch": null,
          "revision": "b601256eab081c0f92f059e12818ac1d4f178ff7",
          "version": "1.3.0"
        }
      },
      {
        "package": "swift-eventsource",
        "repositoryURL": "https://github.com/alin23/swift-eventsource",
        "state": {
          "branch": "master",
          "revision": "8b5c55b6fa9706c12a3f6b42ba55ebff46348829",
          "version": null
        }
      },
      {
        "package": "swift-numerics",
        "repositoryURL": "https://github.com/apple/swift-numerics.git",
        "state": {
          "branch": null,
          "revision": "0c0290ff6b24942dadb83a929ffaaa1481df04a2",
          "version": "1.1.1"
        }
      },
      {
        "package": "SwiftDate",
        "repositoryURL": "https://github.com/malcommac/SwiftDate",
        "state": {
          "branch": null,
          "revision": "6190d0cefff3013e77ed567e6b074f324e5c5bf5",
          "version": "6.3.1"
        }
      },
      {
        "package": "SwiftUI-Introspect",
        "repositoryURL": "https://github.com/siteline/SwiftUI-Introspect",
        "state": {
          "branch": null,
          "revision": "807f73ce09a9b9723f12385e592b4e0aaebd3336",
          "version": "1.3.0"
        }
      },
      {
        "package": "SwiftyAttributes",
        "repositoryURL": "https://github.com/eddiekaiger/SwiftyAttributes",
        "state": {
          "branch": null,
          "revision": "7b39078c0920b46e0967573eedb7a8811a80e7b9",
          "version": "5.4.0"
        }
      },
      {
        "package": "SwiftyJSON",
        "repositoryURL": "https://github.com/SwiftyJSON/SwiftyJSON",
        "state": {
          "branch": null,
          "revision": "af76cf3ef710b6ca5f8c05f3a31307d44a3c5828",
          "version": "5.0.2"
        }
      },
      {
        "package": "SwiftyMarkdown",
        "repositoryURL": "https://github.com/alin23/SwiftyMarkdown",
        "state": {
          "branch": "master",
          "revision": "5f302725676a13cfbb92b5348c8fa96d89c6aed4",
          "version": null
        }
      }
    ]
  },
  "version": 1
}
