{
  "object": {
    "pins": [
      {
        "package": "AnyCodable",
        "repositoryURL": "https://github.com/Flight-School/AnyCodable",
        "state": {
          "branch": null,
          "revision": "862808b2070cd908cb04f9aafe7de83d35f81b05",
          "version": "0.6.7"
        }
      },
      {
        "package": "AXSwift",
        "repositoryURL": "https://github.com/alin23/AXSwift",
        "state": {
          "branch": "main",
          "revision": "055c6abb49bb86c8d700da74d834523b03b4d702",
          "version": null
        }
      },
      {
        "package": "Socket",
        "repositoryURL": "https://github.com/alin23/BlueSocket",
        "state": {
          "branch": "master",
          "revision": "4e334a848f89c44b2348332f0996f312dc6ed0d2",
          "version": null
        }
      },
      {
        "package": "Charts",
        "repositoryURL": "https://github.com/alin23/Charts/",
        "state": {
          "branch": "master",
          "revision": "203700608a6e956e591e7387d77423fa3fea6947",
          "version": null
        }
      },
      {
        "package": "DataCompression",
        "repositoryURL": "https://github.com/mw99/DataCompression/",
        "state": {
          "branch": null,
          "revision": "5ab15951321b08b74511601cbd0497667649d70b",
          "version": "3.8.0"
        }
      },
      {
        "package": "Defaults",
        "repositoryURL": "https://github.com/sindresorhus/Defaults",
        "state": {
          "branch": null,
          "revision": "3efef5a28ebdbbe922d4a2049493733ed14475a6",
          "version": "7.3.1"
        }
      },
      {
        "package": "FuzzyMatcher",
        "repositoryURL": "https://github.com/alin23/FuzzyMatcher",
        "state": {
          "branch": "main",
          "revision": "6c7628a46a566d64d6b7d79068c95bf80c8a6bd6",
          "version": null
        }
      },
      {
        "package": "Glob",
        "repositoryURL": "https://github.com/Bouke/Glob",
        "state": {
          "branch": null,
          "revision": "deda6e163d2ff2a8d7e138e2c3326dbd71157faf",
          "version": "1.0.5"
        }
      },
      {
        "package": "KeyHolder",
        "repositoryURL": "https://github.com/alin23/KeyHolder",
        "state": {
          "branch": "master",
          "revision": "4cbb7eaa0b9ba245d33e9cf176f2b70c778f2784",
          "version": null
        }
      },
      {
        "package": "Magnet",
        "repositoryURL": "https://github.com/alin23/Magnet",
        "state": {
          "branch": "dev",
          "revision": "a21e6c4fd0fdb0244009e7c1fce64b31a01c39ca",
          "version": null
        }
      },
      {
        "package": "Path.swift",
        "repositoryURL": "https://github.com/mxcl/Path.swift",
        "state": {
          "branch": null,
          "revision": "8e355c28e9393c42e58b18c54cace2c42c98a616",
          "version": "1.4.1"
        }
      },
      {
        "package": "Regex",
        "repositoryURL": "https://github.com/crossroadlabs/Regex",
        "state": {
          "branch": null,
          "revision": "166728756082a9cac6e4aed3ebbce8e41cb3a945",
          "version": "1.2.0"
        }
      },
      {
        "package": "Sauce",
        "repositoryURL": "https://github.com/Clipy/Sauce",
        "state": {
          "branch": null,
          "revision": "2fcf7e43a242b183fdea3f2275ebec0d773b65f5",
          "version": "2.2.0"
        }
      },
      {
        "package": "Sentry",
        "repositoryURL": "https://github.com/getsentry/sentry-cocoa",
        "state": {
          "branch": null,
          "revision": "ef4fec9dfb8dd5027b09a4a5c9362feafd118e1a",
          "version": "8.24.0"
        }
      },
      {
        "package": "SimplyCoreAudio",
        "repositoryURL": "https://github.com/rnine/SimplyCoreAudio",
        "state": {
          "branch": "develop",
          "revision": "b5430564b1d55adab3c331fb7574445a84bd4ceb",
          "version": null
        }
      },
      {
        "package": "Surge",
        "repositoryURL": "https://github.com/Jounce/Surge",
        "state": {
          "branch": null,
          "revision": "6e4a47e63da8801afe6188cf039e9f04eb577721",
          "version": "2.3.2"
        }
      },
      {
        "package": "swift-algorithms",
        "repositoryURL": "https://github.com/apple/swift-algorithms",
        "state": {
          "branch": null,
          "revision": "f6919dfc309e7f1b56224378b11e28bab5bccc42",
          "version": "1.2.0"
        }
      },
      {
        "package": "swift-argument-parser",
        "repositoryURL": "https://github.com/apple/swift-argument-parser",
        "state": {
          "branch": null,
          "revision": "46989693916f56d1186bd59ac15124caef896560",
          "version": "1.3.1"
        }
      },
      {
        "package": "swift-atomics",
        "repositoryURL": "https://github.com/apple/swift-atomics.git",
        "state": {
          "branch": null,
          "revision": "cd142fd2f64be2100422d658e7411e39489da985",
          "version": "1.2.0"
        }
      },
      {
        "package": "LDSwiftEventSource",
        "repositoryURL": "https://github.com/alin23/swift-eventsource",
        "state": {
          "branch": "master",
          "revision": "8b5c55b6fa9706c12a3f6b42ba55ebff46348829",
          "version": null
        }
      },
      {
        "package": "swift-numerics",
        "repositoryURL": "https://github.com/apple/swift-numerics.git",
        "state": {
          "branch": null,
          "revision": "0a5bc04095a675662cf24757cc0640aa2204253b",
          "version": "1.0.2"
        }
      },
      {
        "package": "SwiftDate",
        "repositoryURL": "https://github.com/malcommac/SwiftDate",
        "state": {
          "branch": null,
          "revision": "6190d0cefff3013e77ed567e6b074f324e5c5bf5",
          "version": "6.3.1"
        }
      },
      {
        "package": "swiftui-introspect",
        "repositoryURL": "https://github.com/siteline/SwiftUI-Introspect",
        "state": {
          "branch": null,
          "revision": "0cd2a5a5895306bc21d54a2254302d24a9a571e4",
          "version": "1.1.3"
        }
      },
      {
        "package": "SwiftyAttributes",
        "repositoryURL": "https://github.com/eddiekaiger/SwiftyAttributes",
        "state": {
          "branch": null,
          "revision": "7b39078c0920b46e0967573eedb7a8811a80e7b9",
          "version": "5.4.0"
        }
      },
      {
        "package": "SwiftyJSON",
        "repositoryURL": "https://github.com/SwiftyJSON/SwiftyJSON",
        "state": {
          "branch": null,
          "revision": "af76cf3ef710b6ca5f8c05f3a31307d44a3c5828",
          "version": "5.0.2"
        }
      },
      {
        "package": "SwiftyMarkdown",
        "repositoryURL": "https://github.com/alin23/SwiftyMarkdown",
        "state": {
          "branch": "master",
          "revision": "5f302725676a13cfbb92b5348c8fa96d89c6aed4",
          "version": null
        }
      }
    ]
  },
  "version": 1
}
