// !$*UTF8*$!
{
	archiveVersion = 1;
	classes = {
	};
	objectVersion = 48;
	objects = {

/* Begin PBXBuildFile section */
		C70495BF20EA48C5006824CC /* Sentry.framework in Frameworks */ = {isa = PBXBuildFile; fileRef = C70495BE20EA48C5006824CC /* Sentry.framework */; };
		C70495C020EA48C5006824CC /* Sentry.framework in Embed Frameworks */ = {isa = PBXBuildFile; fileRef = C70495BE20EA48C5006824CC /* Sentry.framework */; settings = {ATTRIBUTES = (CodeSignOnCopy, RemoveHeadersOnCopy, ); }; };
		C716B2061FD32B4900F22F90 /* DDC.swift in Sources */ = {isa = PBXBuildFile; fileRef = C716B2051FD32B4900F22F90 /* DDC.swift */; };
		C72776E7201F02140055934F /* PageControl.swift in Sources */ = {isa = PBXBuildFile; fileRef = C72776E6201F02140055934F /* PageControl.swift */; };
		C72776E9201F1BED0055934F /* ExceptionsView.swift in Sources */ = {isa = PBXBuildFile; fileRef = C72776E8201F1BED0055934F /* ExceptionsView.swift */; };
		C72776EB201F1DE50055934F /* ExceptionsViewController.swift in Sources */ = {isa = PBXBuildFile; fileRef = C72776EA201F1DE50055934F /* ExceptionsViewController.swift */; };
		C72776ED201F26CB0055934F /* AppException.swift in Sources */ = {isa = PBXBuildFile; fileRef = C72776EC201F26CB0055934F /* AppException.swift */; };
		C749B34020DB9D2C0086AF97 /* SettingsPageController.swift in Sources */ = {isa = PBXBuildFile; fileRef = C749B33F20DB9D2C0086AF97 /* SettingsPageController.swift */; };
		C7520C081FD20CC200756F82 /* BrightnessAdapter.swift in Sources */ = {isa = PBXBuildFile; fileRef = C7520C071FD20CC200756F82 /* BrightnessAdapter.swift */; };
		C76545291FD8A56B00DBACE9 /* DDC.c in Sources */ = {isa = PBXBuildFile; fileRef = C76545261FD8A11000DBACE9 /* DDC.c */; };
		C76A129C20D795A7005D4BE3 /* ModernWindow.swift in Sources */ = {isa = PBXBuildFile; fileRef = C76A129B20D795A7005D4BE3 /* ModernWindow.swift */; };
		C76A129E20D8084E005D4BE3 /* HourValueFormatter.swift in Sources */ = {isa = PBXBuildFile; fileRef = C76A129D20D8084E005D4BE3 /* HourValueFormatter.swift */; };
		C76A12A020D8DDAD005D4BE3 /* BrightnessContrastChartView.swift in Sources */ = {isa = PBXBuildFile; fileRef = C76A129F20D8DDAD005D4BE3 /* BrightnessContrastChartView.swift */; };
		C77200031FF072CB0078E155 /* ScrollableBrightness.swift in Sources */ = {isa = PBXBuildFile; fileRef = C77200021FF072CB0078E155 /* ScrollableBrightness.swift */; };
		C7789AE01FF9029700D326A8 /* ScrollableContrast.swift in Sources */ = {isa = PBXBuildFile; fileRef = C7789ADF1FF9029700D326A8 /* ScrollableContrast.swift */; };
		C77CC7551FED5501009AA718 /* SplitViewController.swift in Sources */ = {isa = PBXBuildFile; fileRef = C77CC7541FED5501009AA718 /* SplitViewController.swift */; };
		C77CC7591FED9ECE009AA718 /* DisplayViewController.swift in Sources */ = {isa = PBXBuildFile; fileRef = C77CC7581FED9ECE009AA718 /* DisplayViewController.swift */; };
		C77CC75C1FEDB3A3009AA718 /* DisplayView.swift in Sources */ = {isa = PBXBuildFile; fileRef = C77CC75B1FEDB3A3009AA718 /* DisplayView.swift */; };
		C794E1641FEE84DF00549462 /* ToggleButton.swift in Sources */ = {isa = PBXBuildFile; fileRef = C794E1631FEE84DF00549462 /* ToggleButton.swift */; };
		C794E1741FEFE31A00549462 /* ScrollableTextField.swift in Sources */ = {isa = PBXBuildFile; fileRef = C794E1731FEFE31A00549462 /* ScrollableTextField.swift */; };
		C794E1771FF01EF500549462 /* Model.xcdatamodeld in Sources */ = {isa = PBXBuildFile; fileRef = C794E1751FF01EF500549462 /* Model.xcdatamodeld */; };
		C7A2574220EA249B003B3A84 /* dsa_pub.pem in Resources */ = {isa = PBXBuildFile; fileRef = C7A2574120EA249B003B3A84 /* dsa_pub.pem */; };
		C7AEC7F91FD0B4350039B562 /* AppDelegate.swift in Sources */ = {isa = PBXBuildFile; fileRef = C7AEC7F81FD0B4350039B562 /* AppDelegate.swift */; };
		C7AEC7FB1FD0B4350039B562 /* PageController.swift in Sources */ = {isa = PBXBuildFile; fileRef = C7AEC7FA1FD0B4350039B562 /* PageController.swift */; };
		C7AEC7FD1FD0B4350039B562 /* Assets.xcassets in Resources */ = {isa = PBXBuildFile; fileRef = C7AEC7FC1FD0B4350039B562 /* Assets.xcassets */; };
		C7AEC8001FD0B4350039B562 /* Main.storyboard in Resources */ = {isa = PBXBuildFile; fileRef = C7AEC7FE1FD0B4350039B562 /* Main.storyboard */; };
		C7B6EA10201B41C10090EE0E /* Theme.swift in Sources */ = {isa = PBXBuildFile; fileRef = C7B6EA0F201B41C10090EE0E /* Theme.swift */; };
		C7C16321208503B000C7EA8F /* ConfigurationViewController.swift in Sources */ = {isa = PBXBuildFile; fileRef = C7C16320208503B000C7EA8F /* ConfigurationViewController.swift */; };
		C7C1F7011FD5D2C10039507C /* ModernWindowController.swift in Sources */ = {isa = PBXBuildFile; fileRef = C7C1F7001FD5D2C10039507C /* ModernWindowController.swift */; };
		C7C1F7031FD5FD390039507C /* Display.swift in Sources */ = {isa = PBXBuildFile; fileRef = C7C1F7021FD5FD390039507C /* Display.swift */; };
		C7C1F7051FD635360039507C /* Moment.swift in Sources */ = {isa = PBXBuildFile; fileRef = C7C1F7041FD635360039507C /* Moment.swift */; };
		C7C1F7071FD6354C0039507C /* Geolocation.swift in Sources */ = {isa = PBXBuildFile; fileRef = C7C1F7061FD6354C0039507C /* Geolocation.swift */; };
		C7C1F7091FD639970039507C /* DataStore.swift in Sources */ = {isa = PBXBuildFile; fileRef = C7C1F7081FD639970039507C /* DataStore.swift */; };
		C7C68F09201B75C700F49A2B /* DeleteButton.swift in Sources */ = {isa = PBXBuildFile; fileRef = C7C68F08201B75C700F49A2B /* DeleteButton.swift */; };
		C7C68F0B201D356800F49A2B /* SettingsViewController.swift in Sources */ = {isa = PBXBuildFile; fileRef = C7C68F0A201D356800F49A2B /* SettingsViewController.swift */; };
		C7C68F0D201D3D9800F49A2B /* SettingsView.swift in Sources */ = {isa = PBXBuildFile; fileRef = C7C68F0C201D3D9800F49A2B /* SettingsView.swift */; };
		C7CFEA151FD376E6000AC4A6 /* AppDelegate.swift in Sources */ = {isa = PBXBuildFile; fileRef = C7CFEA141FD376E6000AC4A6 /* AppDelegate.swift */; };
		C7CFEA191FD376E6000AC4A6 /* Assets.xcassets in Resources */ = {isa = PBXBuildFile; fileRef = C7CFEA181FD376E6000AC4A6 /* Assets.xcassets */; };
		C7CFEA1C1FD376E6000AC4A6 /* Main.storyboard in Resources */ = {isa = PBXBuildFile; fileRef = C7CFEA1A1FD376E6000AC4A6 /* Main.storyboard */; };
		C7CFEA231FD37853000AC4A6 /* LunarService.app in CopyFiles */ = {isa = PBXBuildFile; fileRef = C7CFEA121FD376E6000AC4A6 /* LunarService.app */; settings = {ATTRIBUTES = (RemoveHeadersOnCopy, ); }; };
		C7DE9391201A40B00017F965 /* ScrollableTextFieldCaption.swift in Sources */ = {isa = PBXBuildFile; fileRef = C7DE9390201A40B00017F965 /* ScrollableTextFieldCaption.swift */; };
		C7E4747420CD5C1400B662A9 /* RemoveAppButton.swift in Sources */ = {isa = PBXBuildFile; fileRef = C7E4747320CD5C1400B662A9 /* RemoveAppButton.swift */; };
		C7EA515220EA326E00F2B06B /* Alamofire.framework in Frameworks */ = {isa = PBXBuildFile; fileRef = C7EA514720EA326D00F2B06B /* Alamofire.framework */; };
		C7EA515320EA326E00F2B06B /* Alamofire.framework in Embed Frameworks */ = {isa = PBXBuildFile; fileRef = C7EA514720EA326D00F2B06B /* Alamofire.framework */; settings = {ATTRIBUTES = (CodeSignOnCopy, RemoveHeadersOnCopy, ); }; };
		C7EA515420EA326E00F2B06B /* Solar.framework in Frameworks */ = {isa = PBXBuildFile; fileRef = C7EA514820EA326D00F2B06B /* Solar.framework */; };
		C7EA515520EA326E00F2B06B /* Solar.framework in Embed Frameworks */ = {isa = PBXBuildFile; fileRef = C7EA514820EA326D00F2B06B /* Solar.framework */; settings = {ATTRIBUTES = (CodeSignOnCopy, RemoveHeadersOnCopy, ); }; };
		C7EA515620EA326E00F2B06B /* SwiftyBeaver.framework in Frameworks */ = {isa = PBXBuildFile; fileRef = C7EA514920EA326D00F2B06B /* SwiftyBeaver.framework */; };
		C7EA515720EA326E00F2B06B /* SwiftyBeaver.framework in Embed Frameworks */ = {isa = PBXBuildFile; fileRef = C7EA514920EA326D00F2B06B /* SwiftyBeaver.framework */; settings = {ATTRIBUTES = (CodeSignOnCopy, RemoveHeadersOnCopy, ); }; };
		C7EA515820EA326E00F2B06B /* WAYWindow.framework in Frameworks */ = {isa = PBXBuildFile; fileRef = C7EA514A20EA326D00F2B06B /* WAYWindow.framework */; };
		C7EA515920EA326E00F2B06B /* WAYWindow.framework in Embed Frameworks */ = {isa = PBXBuildFile; fileRef = C7EA514A20EA326D00F2B06B /* WAYWindow.framework */; settings = {ATTRIBUTES = (CodeSignOnCopy, RemoveHeadersOnCopy, ); }; };
		C7EA515C20EA326E00F2B06B /* Charts.framework in Frameworks */ = {isa = PBXBuildFile; fileRef = C7EA514C20EA326D00F2B06B /* Charts.framework */; };
		C7EA515D20EA326E00F2B06B /* Charts.framework in Embed Frameworks */ = {isa = PBXBuildFile; fileRef = C7EA514C20EA326D00F2B06B /* Charts.framework */; settings = {ATTRIBUTES = (CodeSignOnCopy, RemoveHeadersOnCopy, ); }; };
		C7EA515E20EA326E00F2B06B /* NSPageControl.framework in Frameworks */ = {isa = PBXBuildFile; fileRef = C7EA514D20EA326D00F2B06B /* NSPageControl.framework */; };
		C7EA515F20EA326E00F2B06B /* NSPageControl.framework in Embed Frameworks */ = {isa = PBXBuildFile; fileRef = C7EA514D20EA326D00F2B06B /* NSPageControl.framework */; settings = {ATTRIBUTES = (CodeSignOnCopy, RemoveHeadersOnCopy, ); }; };
		C7EA516020EA326E00F2B06B /* SwiftyJSON.framework in Frameworks */ = {isa = PBXBuildFile; fileRef = C7EA514E20EA326D00F2B06B /* SwiftyJSON.framework */; };
		C7EA516120EA326E00F2B06B /* SwiftyJSON.framework in Embed Frameworks */ = {isa = PBXBuildFile; fileRef = C7EA514E20EA326D00F2B06B /* SwiftyJSON.framework */; settings = {ATTRIBUTES = (CodeSignOnCopy, RemoveHeadersOnCopy, ); }; };
		C7EA516220EA326E00F2B06B /* Sparkle.framework in Frameworks */ = {isa = PBXBuildFile; fileRef = C7EA514F20EA326D00F2B06B /* Sparkle.framework */; };
		C7EA516320EA326E00F2B06B /* Sparkle.framework in Embed Frameworks */ = {isa = PBXBuildFile; fileRef = C7EA514F20EA326D00F2B06B /* Sparkle.framework */; settings = {ATTRIBUTES = (CodeSignOnCopy, RemoveHeadersOnCopy, ); }; };
		C7EA516420EA326E00F2B06B /* HotKey.framework in Frameworks */ = {isa = PBXBuildFile; fileRef = C7EA515020EA326D00F2B06B /* HotKey.framework */; };
		C7EA516520EA326E00F2B06B /* HotKey.framework in Embed Frameworks */ = {isa = PBXBuildFile; fileRef = C7EA515020EA326D00F2B06B /* HotKey.framework */; settings = {ATTRIBUTES = (CodeSignOnCopy, RemoveHeadersOnCopy, ); }; };
		C7EA516620EA326E00F2B06B /* SwiftDate.framework in Frameworks */ = {isa = PBXBuildFile; fileRef = C7EA515120EA326D00F2B06B /* SwiftDate.framework */; };
		C7EA516720EA326E00F2B06B /* SwiftDate.framework in Embed Frameworks */ = {isa = PBXBuildFile; fileRef = C7EA515120EA326D00F2B06B /* SwiftDate.framework */; settings = {ATTRIBUTES = (CodeSignOnCopy, RemoveHeadersOnCopy, ); }; };
		C7EA516C20EA477900F2B06B /* Crashlytics.framework in Frameworks */ = {isa = PBXBuildFile; fileRef = C7EA516A20EA477800F2B06B /* Crashlytics.framework */; };
		C7EA516D20EA477900F2B06B /* Fabric.framework in Frameworks */ = {isa = PBXBuildFile; fileRef = C7EA516B20EA477900F2B06B /* Fabric.framework */; };
/* End PBXBuildFile section */

/* Begin PBXCopyFilesBuildPhase section */
		C7CFEA221FD37836000AC4A6 /* CopyFiles */ = {
			isa = PBXCopyFilesBuildPhase;
			buildActionMask = 2147483647;
			dstPath = Contents/Library/LoginItems;
			dstSubfolderSpec = 1;
			files = (
				C7CFEA231FD37853000AC4A6 /* LunarService.app in CopyFiles */,
			);
			runOnlyForDeploymentPostprocessing = 0;
		};
		C7CFEA291FD37AF3000AC4A6 /* Embed Frameworks */ = {
			isa = PBXCopyFilesBuildPhase;
			buildActionMask = 2147483647;
			dstPath = "";
			dstSubfolderSpec = 10;
			files = (
			);
			name = "Embed Frameworks";
			runOnlyForDeploymentPostprocessing = 0;
		};
		C7EA516820EA326E00F2B06B /* Embed Frameworks */ = {
			isa = PBXCopyFilesBuildPhase;
			buildActionMask = 2147483647;
			dstPath = "";
			dstSubfolderSpec = 10;
			files = (
				C7EA516120EA326E00F2B06B /* SwiftyJSON.framework in Embed Frameworks */,
				C7EA515920EA326E00F2B06B /* WAYWindow.framework in Embed Frameworks */,
				C70495C020EA48C5006824CC /* Sentry.framework in Embed Frameworks */,
				C7EA515520EA326E00F2B06B /* Solar.framework in Embed Frameworks */,
				C7EA515720EA326E00F2B06B /* SwiftyBeaver.framework in Embed Frameworks */,
				C7EA516720EA326E00F2B06B /* SwiftDate.framework in Embed Frameworks */,
				C7EA516320EA326E00F2B06B /* Sparkle.framework in Embed Frameworks */,
				C7EA515D20EA326E00F2B06B /* Charts.framework in Embed Frameworks */,
				C7EA516520EA326E00F2B06B /* HotKey.framework in Embed Frameworks */,
				C7EA515F20EA326E00F2B06B /* NSPageControl.framework in Embed Frameworks */,
				C7EA515320EA326E00F2B06B /* Alamofire.framework in Embed Frameworks */,
			);
			name = "Embed Frameworks";
			runOnlyForDeploymentPostprocessing = 0;
		};
/* End PBXCopyFilesBuildPhase section */

/* Begin PBXFileReference section */
		C70495BE20EA48C5006824CC /* Sentry.framework */ = {isa = PBXFileReference; lastKnownFileType = wrapper.framework; name = Sentry.framework; path = Carthage/Build/Mac/Sentry.framework; sourceTree = "<group>"; };
		C70FD19B1FD1F0E700032D6B /* Lunar-Bridging-Header.h */ = {isa = PBXFileReference; lastKnownFileType = sourcecode.c.h; path = "Lunar-Bridging-Header.h"; sourceTree = "<group>"; };
		C716B2051FD32B4900F22F90 /* DDC.swift */ = {isa = PBXFileReference; lastKnownFileType = sourcecode.swift; path = DDC.swift; sourceTree = "<group>"; };
		C72776E6201F02140055934F /* PageControl.swift */ = {isa = PBXFileReference; lastKnownFileType = sourcecode.swift; name = PageControl.swift; path = Lunar/Views/PageControl.swift; sourceTree = SOURCE_ROOT; };
		C72776E8201F1BED0055934F /* ExceptionsView.swift */ = {isa = PBXFileReference; lastKnownFileType = sourcecode.swift; path = ExceptionsView.swift; sourceTree = "<group>"; };
		C72776EA201F1DE50055934F /* ExceptionsViewController.swift */ = {isa = PBXFileReference; lastKnownFileType = sourcecode.swift; path = ExceptionsViewController.swift; sourceTree = "<group>"; };
		C72776EC201F26CB0055934F /* AppException.swift */ = {isa = PBXFileReference; lastKnownFileType = sourcecode.swift; path = AppException.swift; sourceTree = "<group>"; };
		C735DD791FD5C04D00FBD16F /* AppKit.framework */ = {isa = PBXFileReference; lastKnownFileType = wrapper.framework; name = AppKit.framework; path = System/Library/Frameworks/AppKit.framework; sourceTree = SDKROOT; };
		C73CD23D20EA2F1800B13DDE /* Solar.framework */ = {isa = PBXFileReference; lastKnownFileType = wrapper.framework; name = Solar.framework; path = Carthage/Build/Mac/Solar.framework; sourceTree = "<group>"; };
		C73CD23E20EA2F1800B13DDE /* Alamofire.framework */ = {isa = PBXFileReference; lastKnownFileType = wrapper.framework; name = Alamofire.framework; path = Carthage/Build/Mac/Alamofire.framework; sourceTree = "<group>"; };
		C73CD23F20EA2F1800B13DDE /* Charts.framework */ = {isa = PBXFileReference; lastKnownFileType = wrapper.framework; name = Charts.framework; path = Carthage/Build/Mac/Charts.framework; sourceTree = "<group>"; };
		C73CD24020EA2F1900B13DDE /* HotKey.framework */ = {isa = PBXFileReference; lastKnownFileType = wrapper.framework; name = HotKey.framework; path = Carthage/Build/Mac/HotKey.framework; sourceTree = "<group>"; };
		C73CD24120EA2F1900B13DDE /* Sparkle.framework */ = {isa = PBXFileReference; lastKnownFileType = wrapper.framework; name = Sparkle.framework; path = Carthage/Build/Mac/Sparkle.framework; sourceTree = "<group>"; };
		C73CD24320EA2F1900B13DDE /* WAYWindow.framework */ = {isa = PBXFileReference; lastKnownFileType = wrapper.framework; name = WAYWindow.framework; path = Carthage/Build/Mac/WAYWindow.framework; sourceTree = "<group>"; };
		C73CD24420EA2F1900B13DDE /* SwiftDate.framework */ = {isa = PBXFileReference; lastKnownFileType = wrapper.framework; name = SwiftDate.framework; path = Carthage/Build/Mac/SwiftDate.framework; sourceTree = "<group>"; };
		C73CD24520EA2F1900B13DDE /* NSPageControl.framework */ = {isa = PBXFileReference; lastKnownFileType = wrapper.framework; name = NSPageControl.framework; path = Carthage/Build/Mac/NSPageControl.framework; sourceTree = "<group>"; };
		C73CD24620EA2F1A00B13DDE /* SwiftyBeaver.framework */ = {isa = PBXFileReference; lastKnownFileType = wrapper.framework; name = SwiftyBeaver.framework; path = Carthage/Build/Mac/SwiftyBeaver.framework; sourceTree = "<group>"; };
		C73CD24720EA2F1A00B13DDE /* SwiftyJSON.framework */ = {isa = PBXFileReference; lastKnownFileType = wrapper.framework; name = SwiftyJSON.framework; path = Carthage/Build/Mac/SwiftyJSON.framework; sourceTree = "<group>"; };
		C749B33F20DB9D2C0086AF97 /* SettingsPageController.swift */ = {isa = PBXFileReference; lastKnownFileType = sourcecode.swift; path = SettingsPageController.swift; sourceTree = "<group>"; };
		C7520C071FD20CC200756F82 /* BrightnessAdapter.swift */ = {isa = PBXFileReference; lastKnownFileType = sourcecode.swift; path = BrightnessAdapter.swift; sourceTree = "<group>"; };
		C76545261FD8A11000DBACE9 /* DDC.c */ = {isa = PBXFileReference; lastKnownFileType = sourcecode.c.c; path = DDC.c; sourceTree = "<group>"; };
		C76545271FD8A11000DBACE9 /* DDC.h */ = {isa = PBXFileReference; lastKnownFileType = sourcecode.c.h; path = DDC.h; sourceTree = "<group>"; };
		C76A129B20D795A7005D4BE3 /* ModernWindow.swift */ = {isa = PBXFileReference; lastKnownFileType = sourcecode.swift; path = ModernWindow.swift; sourceTree = "<group>"; };
		C76A129D20D8084E005D4BE3 /* HourValueFormatter.swift */ = {isa = PBXFileReference; lastKnownFileType = sourcecode.swift; path = HourValueFormatter.swift; sourceTree = "<group>"; };
		C76A129F20D8DDAD005D4BE3 /* BrightnessContrastChartView.swift */ = {isa = PBXFileReference; lastKnownFileType = sourcecode.swift; path = BrightnessContrastChartView.swift; sourceTree = "<group>"; };
		C77200021FF072CB0078E155 /* ScrollableBrightness.swift */ = {isa = PBXFileReference; lastKnownFileType = sourcecode.swift; path = ScrollableBrightness.swift; sourceTree = "<group>"; };
		C7789ADF1FF9029700D326A8 /* ScrollableContrast.swift */ = {isa = PBXFileReference; lastKnownFileType = sourcecode.swift; path = ScrollableContrast.swift; sourceTree = "<group>"; };
		C77CC7541FED5501009AA718 /* SplitViewController.swift */ = {isa = PBXFileReference; lastKnownFileType = sourcecode.swift; path = SplitViewController.swift; sourceTree = "<group>"; };
		C77CC7581FED9ECE009AA718 /* DisplayViewController.swift */ = {isa = PBXFileReference; lastKnownFileType = sourcecode.swift; path = DisplayViewController.swift; sourceTree = "<group>"; };
		C77CC75B1FEDB3A3009AA718 /* DisplayView.swift */ = {isa = PBXFileReference; lastKnownFileType = sourcecode.swift; path = DisplayView.swift; sourceTree = "<group>"; };
		C794E1631FEE84DF00549462 /* ToggleButton.swift */ = {isa = PBXFileReference; lastKnownFileType = sourcecode.swift; path = ToggleButton.swift; sourceTree = "<group>"; };
		C794E1731FEFE31A00549462 /* ScrollableTextField.swift */ = {isa = PBXFileReference; lastKnownFileType = sourcecode.swift; path = ScrollableTextField.swift; sourceTree = "<group>"; };
		C794E1761FF01EF500549462 /* Model.xcdatamodel */ = {isa = PBXFileReference; lastKnownFileType = wrapper.xcdatamodel; path = Model.xcdatamodel; sourceTree = "<group>"; };
		C7A2574120EA249B003B3A84 /* dsa_pub.pem */ = {isa = PBXFileReference; lastKnownFileType = text; name = dsa_pub.pem; path = Lunar/Resources/dsa_pub.pem; sourceTree = "<group>"; };
		C7AEC7F51FD0B4350039B562 /* Lunar.app */ = {isa = PBXFileReference; explicitFileType = wrapper.application; includeInIndex = 0; path = Lunar.app; sourceTree = BUILT_PRODUCTS_DIR; };
		C7AEC7F81FD0B4350039B562 /* AppDelegate.swift */ = {isa = PBXFileReference; lastKnownFileType = sourcecode.swift; path = AppDelegate.swift; sourceTree = "<group>"; };
		C7AEC7FA1FD0B4350039B562 /* PageController.swift */ = {isa = PBXFileReference; lastKnownFileType = sourcecode.swift; path = PageController.swift; sourceTree = "<group>"; };
		C7AEC7FC1FD0B4350039B562 /* Assets.xcassets */ = {isa = PBXFileReference; lastKnownFileType = folder.assetcatalog; path = Assets.xcassets; sourceTree = "<group>"; };
		C7AEC7FF1FD0B4350039B562 /* Base */ = {isa = PBXFileReference; lastKnownFileType = file.storyboard; name = Base; path = Base.lproj/Main.storyboard; sourceTree = "<group>"; };
		C7AEC8011FD0B4350039B562 /* Info.plist */ = {isa = PBXFileReference; lastKnownFileType = text.plist.xml; path = Info.plist; sourceTree = "<group>"; };
		C7B6EA0F201B41C10090EE0E /* Theme.swift */ = {isa = PBXFileReference; lastKnownFileType = sourcecode.swift; path = Theme.swift; sourceTree = "<group>"; };
		C7C16320208503B000C7EA8F /* ConfigurationViewController.swift */ = {isa = PBXFileReference; lastKnownFileType = sourcecode.swift; path = ConfigurationViewController.swift; sourceTree = "<group>"; };
		C7C1F7001FD5D2C10039507C /* ModernWindowController.swift */ = {isa = PBXFileReference; lastKnownFileType = sourcecode.swift; path = ModernWindowController.swift; sourceTree = "<group>"; };
		C7C1F7021FD5FD390039507C /* Display.swift */ = {isa = PBXFileReference; lastKnownFileType = sourcecode.swift; path = Display.swift; sourceTree = "<group>"; };
		C7C1F7041FD635360039507C /* Moment.swift */ = {isa = PBXFileReference; lastKnownFileType = sourcecode.swift; path = Moment.swift; sourceTree = "<group>"; };
		C7C1F7061FD6354C0039507C /* Geolocation.swift */ = {isa = PBXFileReference; lastKnownFileType = sourcecode.swift; path = Geolocation.swift; sourceTree = "<group>"; };
		C7C1F7081FD639970039507C /* DataStore.swift */ = {isa = PBXFileReference; lastKnownFileType = sourcecode.swift; path = DataStore.swift; sourceTree = "<group>"; };
		C7C68F08201B75C700F49A2B /* DeleteButton.swift */ = {isa = PBXFileReference; lastKnownFileType = sourcecode.swift; path = DeleteButton.swift; sourceTree = "<group>"; };
		C7C68F0A201D356800F49A2B /* SettingsViewController.swift */ = {isa = PBXFileReference; lastKnownFileType = sourcecode.swift; path = SettingsViewController.swift; sourceTree = "<group>"; };
		C7C68F0C201D3D9800F49A2B /* SettingsView.swift */ = {isa = PBXFileReference; lastKnownFileType = sourcecode.swift; path = SettingsView.swift; sourceTree = "<group>"; };
		C7CFEA121FD376E6000AC4A6 /* LunarService.app */ = {isa = PBXFileReference; explicitFileType = wrapper.application; includeInIndex = 0; path = LunarService.app; sourceTree = BUILT_PRODUCTS_DIR; };
		C7CFEA141FD376E6000AC4A6 /* AppDelegate.swift */ = {isa = PBXFileReference; lastKnownFileType = sourcecode.swift; path = AppDelegate.swift; sourceTree = "<group>"; };
		C7CFEA181FD376E6000AC4A6 /* Assets.xcassets */ = {isa = PBXFileReference; lastKnownFileType = folder.assetcatalog; path = Assets.xcassets; sourceTree = "<group>"; };
		C7CFEA1B1FD376E6000AC4A6 /* Base */ = {isa = PBXFileReference; lastKnownFileType = file.storyboard; name = Base; path = Base.lproj/Main.storyboard; sourceTree = "<group>"; };
		C7CFEA1D1FD376E6000AC4A6 /* Info.plist */ = {isa = PBXFileReference; lastKnownFileType = text.plist.xml; path = Info.plist; sourceTree = "<group>"; };
		C7CFEA251FD3787C000AC4A6 /* ServiceManagement.framework */ = {isa = PBXFileReference; lastKnownFileType = wrapper.framework; name = ServiceManagement.framework; path = System/Library/Frameworks/ServiceManagement.framework; sourceTree = SDKROOT; };
		C7DE9390201A40B00017F965 /* ScrollableTextFieldCaption.swift */ = {isa = PBXFileReference; lastKnownFileType = sourcecode.swift; path = ScrollableTextFieldCaption.swift; sourceTree = "<group>"; };
		C7E4747320CD5C1400B662A9 /* RemoveAppButton.swift */ = {isa = PBXFileReference; lastKnownFileType = sourcecode.swift; path = RemoveAppButton.swift; sourceTree = "<group>"; };
		C7EA514720EA326D00F2B06B /* Alamofire.framework */ = {isa = PBXFileReference; lastKnownFileType = wrapper.framework; name = Alamofire.framework; path = Carthage/Build/Mac/Alamofire.framework; sourceTree = "<group>"; };
		C7EA514820EA326D00F2B06B /* Solar.framework */ = {isa = PBXFileReference; lastKnownFileType = wrapper.framework; name = Solar.framework; path = Carthage/Build/Mac/Solar.framework; sourceTree = "<group>"; };
		C7EA514920EA326D00F2B06B /* SwiftyBeaver.framework */ = {isa = PBXFileReference; lastKnownFileType = wrapper.framework; name = SwiftyBeaver.framework; path = Carthage/Build/Mac/SwiftyBeaver.framework; sourceTree = "<group>"; };
		C7EA514A20EA326D00F2B06B /* WAYWindow.framework */ = {isa = PBXFileReference; lastKnownFileType = wrapper.framework; name = WAYWindow.framework; path = Carthage/Build/Mac/WAYWindow.framework; sourceTree = "<group>"; };
		C7EA514C20EA326D00F2B06B /* Charts.framework */ = {isa = PBXFileReference; lastKnownFileType = wrapper.framework; name = Charts.framework; path = Carthage/Build/Mac/Charts.framework; sourceTree = "<group>"; };
		C7EA514D20EA326D00F2B06B /* NSPageControl.framework */ = {isa = PBXFileReference; lastKnownFileType = wrapper.framework; name = NSPageControl.framework; path = Carthage/Build/Mac/NSPageControl.framework; sourceTree = "<group>"; };
		C7EA514E20EA326D00F2B06B /* SwiftyJSON.framework */ = {isa = PBXFileReference; lastKnownFileType = wrapper.framework; name = SwiftyJSON.framework; path = Carthage/Build/Mac/SwiftyJSON.framework; sourceTree = "<group>"; };
		C7EA514F20EA326D00F2B06B /* Sparkle.framework */ = {isa = PBXFileReference; lastKnownFileType = wrapper.framework; name = Sparkle.framework; path = Carthage/Build/Mac/Sparkle.framework; sourceTree = "<group>"; };
		C7EA515020EA326D00F2B06B /* HotKey.framework */ = {isa = PBXFileReference; lastKnownFileType = wrapper.framework; name = HotKey.framework; path = Carthage/Build/Mac/HotKey.framework; sourceTree = "<group>"; };
		C7EA515120EA326D00F2B06B /* SwiftDate.framework */ = {isa = PBXFileReference; lastKnownFileType = wrapper.framework; name = SwiftDate.framework; path = Carthage/Build/Mac/SwiftDate.framework; sourceTree = "<group>"; };
		C7EA516A20EA477800F2B06B /* Crashlytics.framework */ = {isa = PBXFileReference; lastKnownFileType = wrapper.framework; path = Crashlytics.framework; sourceTree = "<group>"; };
		C7EA516B20EA477900F2B06B /* Fabric.framework */ = {isa = PBXFileReference; lastKnownFileType = wrapper.framework; path = Fabric.framework; sourceTree = "<group>"; };
/* End PBXFileReference section */

/* Begin PBXFrameworksBuildPhase section */
		C7AEC7F21FD0B4350039B562 /* Frameworks */ = {
			isa = PBXFrameworksBuildPhase;
			buildActionMask = 2147483647;
			files = (
				C7EA516020EA326E00F2B06B /* SwiftyJSON.framework in Frameworks */,
				C7EA515820EA326E00F2B06B /* WAYWindow.framework in Frameworks */,
				C7EA515420EA326E00F2B06B /* Solar.framework in Frameworks */,
				C7EA515620EA326E00F2B06B /* SwiftyBeaver.framework in Frameworks */,
				C7EA516620EA326E00F2B06B /* SwiftDate.framework in Frameworks */,
				C7EA516220EA326E00F2B06B /* Sparkle.framework in Frameworks */,
				C7EA515C20EA326E00F2B06B /* Charts.framework in Frameworks */,
				C7EA516420EA326E00F2B06B /* HotKey.framework in Frameworks */,
				C70495BF20EA48C5006824CC /* Sentry.framework in Frameworks */,
				C7EA516D20EA477900F2B06B /* Fabric.framework in Frameworks */,
				C7EA515E20EA326E00F2B06B /* NSPageControl.framework in Frameworks */,
				C7EA516C20EA477900F2B06B /* Crashlytics.framework in Frameworks */,
				C7EA515220EA326E00F2B06B /* Alamofire.framework in Frameworks */,
			);
			runOnlyForDeploymentPostprocessing = 0;
		};
		C7CFEA0F1FD376E6000AC4A6 /* Frameworks */ = {
			isa = PBXFrameworksBuildPhase;
			buildActionMask = 2147483647;
			files = (
			);
			runOnlyForDeploymentPostprocessing = 0;
		};
/* End PBXFrameworksBuildPhase section */

/* Begin PBXGroup section */
		C76545231FD8A0E000DBACE9 /* Data */ = {
			isa = PBXGroup;
			children = (
				C7C1F7081FD639970039507C /* DataStore.swift */,
				C7C1F7041FD635360039507C /* Moment.swift */,
				C7C1F7061FD6354C0039507C /* Geolocation.swift */,
				C7C1F7021FD5FD390039507C /* Display.swift */,
				C794E1751FF01EF500549462 /* Model.xcdatamodeld */,
				C7B6EA0F201B41C10090EE0E /* Theme.swift */,
				C72776EC201F26CB0055934F /* AppException.swift */,
				C76A129D20D8084E005D4BE3 /* HourValueFormatter.swift */,
			);
			path = Data;
			sourceTree = "<group>";
		};
		C76545241FD8A10200DBACE9 /* Controllers */ = {
			isa = PBXGroup;
			children = (
				C7AEC7FA1FD0B4350039B562 /* PageController.swift */,
				C7C1F7001FD5D2C10039507C /* ModernWindowController.swift */,
				C77CC7541FED5501009AA718 /* SplitViewController.swift */,
				C77CC7581FED9ECE009AA718 /* DisplayViewController.swift */,
				C7C68F0A201D356800F49A2B /* SettingsViewController.swift */,
				C72776EA201F1DE50055934F /* ExceptionsViewController.swift */,
				C7C16320208503B000C7EA8F /* ConfigurationViewController.swift */,
				C749B33F20DB9D2C0086AF97 /* SettingsPageController.swift */,
			);
			path = Controllers;
			sourceTree = "<group>";
		};
		C76545251FD8A11000DBACE9 /* DDC */ = {
			isa = PBXGroup;
			children = (
				C70FD19B1FD1F0E700032D6B /* Lunar-Bridging-Header.h */,
				C716B2051FD32B4900F22F90 /* DDC.swift */,
			);
			path = DDC;
			sourceTree = "<group>";
		};
		C77CC75A1FEDB367009AA718 /* Views */ = {
			isa = PBXGroup;
			children = (
				C72776E6201F02140055934F /* PageControl.swift */,
				C77CC75B1FEDB3A3009AA718 /* DisplayView.swift */,
				C794E1631FEE84DF00549462 /* ToggleButton.swift */,
				C794E1731FEFE31A00549462 /* ScrollableTextField.swift */,
				C77200021FF072CB0078E155 /* ScrollableBrightness.swift */,
				C7789ADF1FF9029700D326A8 /* ScrollableContrast.swift */,
				C7DE9390201A40B00017F965 /* ScrollableTextFieldCaption.swift */,
				C7C68F08201B75C700F49A2B /* DeleteButton.swift */,
				C7C68F0C201D3D9800F49A2B /* SettingsView.swift */,
				C72776E8201F1BED0055934F /* ExceptionsView.swift */,
				C7E4747320CD5C1400B662A9 /* RemoveAppButton.swift */,
				C76A129B20D795A7005D4BE3 /* ModernWindow.swift */,
				C76A129F20D8DDAD005D4BE3 /* BrightnessContrastChartView.swift */,
			);
			path = Views;
			sourceTree = "<group>";
		};
		C7AEC7EC1FD0B4350039B562 = {
			isa = PBXGroup;
			children = (
				C70495BE20EA48C5006824CC /* Sentry.framework */,
				C7EA516A20EA477800F2B06B /* Crashlytics.framework */,
				C7EA516B20EA477900F2B06B /* Fabric.framework */,
				C73CD23E20EA2F1800B13DDE /* Alamofire.framework */,
				C73CD23F20EA2F1800B13DDE /* Charts.framework */,
				C73CD24020EA2F1900B13DDE /* HotKey.framework */,
				C7EA515020EA326D00F2B06B /* HotKey.framework */,
				C73CD24520EA2F1900B13DDE /* NSPageControl.framework */,
				C7EA514C20EA326D00F2B06B /* Charts.framework */,
				C7EA514D20EA326D00F2B06B /* NSPageControl.framework */,
				C73CD23D20EA2F1800B13DDE /* Solar.framework */,
				C73CD24120EA2F1900B13DDE /* Sparkle.framework */,
				C73CD24420EA2F1900B13DDE /* SwiftDate.framework */,
				C7EA514F20EA326D00F2B06B /* Sparkle.framework */,
				C7EA515120EA326D00F2B06B /* SwiftDate.framework */,
				C73CD24620EA2F1A00B13DDE /* SwiftyBeaver.framework */,
				C73CD24720EA2F1A00B13DDE /* SwiftyJSON.framework */,
				C7EA514E20EA326D00F2B06B /* SwiftyJSON.framework */,
				C73CD24320EA2F1900B13DDE /* WAYWindow.framework */,
				C7EA514720EA326D00F2B06B /* Alamofire.framework */,
				C7EA514820EA326D00F2B06B /* Solar.framework */,
				C7EA514920EA326D00F2B06B /* SwiftyBeaver.framework */,
				C7EA514A20EA326D00F2B06B /* WAYWindow.framework */,
				C7A2574120EA249B003B3A84 /* dsa_pub.pem */,
				C7AEC7F71FD0B4350039B562 /* Lunar */,
				C7CFEA131FD376E6000AC4A6 /* LunarService */,
				C7AEC7F61FD0B4350039B562 /* Products */,
				C7CFEA241FD3787B000AC4A6 /* Frameworks */,
			);
			sourceTree = "<group>";
		};
		C7AEC7F61FD0B4350039B562 /* Products */ = {
			isa = PBXGroup;
			children = (
				C7AEC7F51FD0B4350039B562 /* Lunar.app */,
				C7CFEA121FD376E6000AC4A6 /* LunarService.app */,
			);
			name = Products;
			sourceTree = "<group>";
		};
		C7AEC7F71FD0B4350039B562 /* Lunar */ = {
			isa = PBXGroup;
			children = (
				C77CC75A1FEDB367009AA718 /* Views */,
				C76545241FD8A10200DBACE9 /* Controllers */,
				C76545231FD8A0E000DBACE9 /* Data */,
				C76545251FD8A11000DBACE9 /* DDC */,
				C76545261FD8A11000DBACE9 /* DDC.c */,
				C76545271FD8A11000DBACE9 /* DDC.h */,
				C7AEC7FC1FD0B4350039B562 /* Assets.xcassets */,
				C7AEC8011FD0B4350039B562 /* Info.plist */,
				C7AEC7FE1FD0B4350039B562 /* Main.storyboard */,
				C7AEC7F81FD0B4350039B562 /* AppDelegate.swift */,
				C7520C071FD20CC200756F82 /* BrightnessAdapter.swift */,
			);
			path = Lunar;
			sourceTree = "<group>";
		};
		C7CFEA131FD376E6000AC4A6 /* LunarService */ = {
			isa = PBXGroup;
			children = (
				C7CFEA141FD376E6000AC4A6 /* AppDelegate.swift */,
				C7CFEA181FD376E6000AC4A6 /* Assets.xcassets */,
				C7CFEA1A1FD376E6000AC4A6 /* Main.storyboard */,
				C7CFEA1D1FD376E6000AC4A6 /* Info.plist */,
			);
			path = LunarService;
			sourceTree = "<group>";
		};
		C7CFEA241FD3787B000AC4A6 /* Frameworks */ = {
			isa = PBXGroup;
			children = (
				C735DD791FD5C04D00FBD16F /* AppKit.framework */,
				C7CFEA251FD3787C000AC4A6 /* ServiceManagement.framework */,
			);
			name = Frameworks;
			sourceTree = "<group>";
		};
/* End PBXGroup section */

/* Begin PBXNativeTarget section */
		C7AEC7F41FD0B4350039B562 /* Lunar */ = {
			isa = PBXNativeTarget;
			buildConfigurationList = C7AEC81B1FD0B4350039B562 /* Build configuration list for PBXNativeTarget "Lunar" */;
			buildPhases = (
				C7AEC7F11FD0B4350039B562 /* Sources */,
				C7AEC7F21FD0B4350039B562 /* Frameworks */,
				C7AEC7F31FD0B4350039B562 /* Resources */,
				C7CFEA221FD37836000AC4A6 /* CopyFiles */,
				C7EA516820EA326E00F2B06B /* Embed Frameworks */,
				C7EA516920EA470800F2B06B /* ShellScript */,
			);
			buildRules = (
			);
			dependencies = (
			);
			name = Lunar;
			productName = Lunar;
			productReference = C7AEC7F51FD0B4350039B562 /* Lunar.app */;
			productType = "com.apple.product-type.application";
		};
		C7CFEA111FD376E6000AC4A6 /* LunarService */ = {
			isa = PBXNativeTarget;
			buildConfigurationList = C7CFEA211FD376E6000AC4A6 /* Build configuration list for PBXNativeTarget "LunarService" */;
			buildPhases = (
				C7CFEA0E1FD376E6000AC4A6 /* Sources */,
				C7CFEA0F1FD376E6000AC4A6 /* Frameworks */,
				C7CFEA101FD376E6000AC4A6 /* Resources */,
				C7CFEA291FD37AF3000AC4A6 /* Embed Frameworks */,
			);
			buildRules = (
			);
			dependencies = (
			);
			name = LunarService;
			productName = LunarService;
			productReference = C7CFEA121FD376E6000AC4A6 /* LunarService.app */;
			productType = "com.apple.product-type.application";
		};
/* End PBXNativeTarget section */

/* Begin PBXProject section */
		C7AEC7ED1FD0B4350039B562 /* Project object */ = {
			isa = PBXProject;
			attributes = {
				LastSwiftUpdateCheck = 0910;
				LastUpgradeCheck = 0930;
				ORGANIZATIONNAME = Alin;
				TargetAttributes = {
					C7AEC7F41FD0B4350039B562 = {
						CreatedOnToolsVersion = 9.1;
						LastSwiftMigration = 1000;
						ProvisioningStyle = Automatic;
						SystemCapabilities = {
							com.apple.Sandbox = {
								enabled = 0;
							};
						};
					};
					C7CFEA111FD376E6000AC4A6 = {
						CreatedOnToolsVersion = 9.1;
						LastSwiftMigration = 1000;
						ProvisioningStyle = Automatic;
						SystemCapabilities = {
							com.apple.Sandbox = {
								enabled = 0;
							};
						};
					};
				};
			};
			buildConfigurationList = C7AEC7F01FD0B4350039B562 /* Build configuration list for PBXProject "Lunar" */;
			compatibilityVersion = "Xcode 8.0";
			developmentRegion = en;
			hasScannedForEncodings = 0;
			knownRegions = (
				en,
				Base,
			);
			mainGroup = C7AEC7EC1FD0B4350039B562;
			productRefGroup = C7AEC7F61FD0B4350039B562 /* Products */;
			projectDirPath = "";
			projectRoot = "";
			targets = (
				C7AEC7F41FD0B4350039B562 /* Lunar */,
				C7CFEA111FD376E6000AC4A6 /* LunarService */,
			);
		};
/* End PBXProject section */

/* Begin PBXResourcesBuildPhase section */
		C7AEC7F31FD0B4350039B562 /* Resources */ = {
			isa = PBXResourcesBuildPhase;
			buildActionMask = 2147483647;
			files = (
				C7AEC7FD1FD0B4350039B562 /* Assets.xcassets in Resources */,
				C7AEC8001FD0B4350039B562 /* Main.storyboard in Resources */,
				C7A2574220EA249B003B3A84 /* dsa_pub.pem in Resources */,
			);
			runOnlyForDeploymentPostprocessing = 0;
		};
		C7CFEA101FD376E6000AC4A6 /* Resources */ = {
			isa = PBXResourcesBuildPhase;
			buildActionMask = 2147483647;
			files = (
				C7CFEA191FD376E6000AC4A6 /* Assets.xcassets in Resources */,
				C7CFEA1C1FD376E6000AC4A6 /* Main.storyboard in Resources */,
			);
			runOnlyForDeploymentPostprocessing = 0;
		};
/* End PBXResourcesBuildPhase section */

/* Begin PBXShellScriptBuildPhase section */
		C7EA516920EA470800F2B06B /* ShellScript */ = {
			isa = PBXShellScriptBuildPhase;
			buildActionMask = 2147483647;
			files = (
			);
			inputFileListPaths = (
			);
			inputPaths = (
			);
			outputFileListPaths = (
			);
			outputPaths = (
			);
			runOnlyForDeploymentPostprocessing = 0;
			shellPath = /bin/sh;
			shellScript = "./Fabric.framework/run 6add03c19270459b747dc239adefc6ae01b27381 54931e0beaebf5eb8bdd6507a845575472d7b3e25e34f3757823a5ab3b1f0c35\n";
		};
/* End PBXShellScriptBuildPhase section */

/* Begin PBXSourcesBuildPhase section */
		C7AEC7F11FD0B4350039B562 /* Sources */ = {
			isa = PBXSourcesBuildPhase;
			buildActionMask = 2147483647;
			files = (
				C7AEC7FB1FD0B4350039B562 /* PageController.swift in Sources */,
				C7C68F0D201D3D9800F49A2B /* SettingsView.swift in Sources */,
				C72776E7201F02140055934F /* PageControl.swift in Sources */,
				C7C1F7031FD5FD390039507C /* Display.swift in Sources */,
				C77CC7551FED5501009AA718 /* SplitViewController.swift in Sources */,
				C7C1F7091FD639970039507C /* DataStore.swift in Sources */,
				C794E1741FEFE31A00549462 /* ScrollableTextField.swift in Sources */,
				C76545291FD8A56B00DBACE9 /* DDC.c in Sources */,
				C72776EB201F1DE50055934F /* ExceptionsViewController.swift in Sources */,
				C716B2061FD32B4900F22F90 /* DDC.swift in Sources */,
				C7520C081FD20CC200756F82 /* BrightnessAdapter.swift in Sources */,
				C7789AE01FF9029700D326A8 /* ScrollableContrast.swift in Sources */,
				C749B34020DB9D2C0086AF97 /* SettingsPageController.swift in Sources */,
				C72776ED201F26CB0055934F /* AppException.swift in Sources */,
				C7DE9391201A40B00017F965 /* ScrollableTextFieldCaption.swift in Sources */,
				C794E1641FEE84DF00549462 /* ToggleButton.swift in Sources */,
				C7C68F09201B75C700F49A2B /* DeleteButton.swift in Sources */,
				C76A12A020D8DDAD005D4BE3 /* BrightnessContrastChartView.swift in Sources */,
				C77CC75C1FEDB3A3009AA718 /* DisplayView.swift in Sources */,
				C7C68F0B201D356800F49A2B /* SettingsViewController.swift in Sources */,
				C77CC7591FED9ECE009AA718 /* DisplayViewController.swift in Sources */,
				C794E1771FF01EF500549462 /* Model.xcdatamodeld in Sources */,
				C7E4747420CD5C1400B662A9 /* RemoveAppButton.swift in Sources */,
				C77200031FF072CB0078E155 /* ScrollableBrightness.swift in Sources */,
				C7C1F7011FD5D2C10039507C /* ModernWindowController.swift in Sources */,
				C76A129E20D8084E005D4BE3 /* HourValueFormatter.swift in Sources */,
				C7AEC7F91FD0B4350039B562 /* AppDelegate.swift in Sources */,
				C76A129C20D795A7005D4BE3 /* ModernWindow.swift in Sources */,
				C7B6EA10201B41C10090EE0E /* Theme.swift in Sources */,
				C72776E9201F1BED0055934F /* ExceptionsView.swift in Sources */,
				C7C16321208503B000C7EA8F /* ConfigurationViewController.swift in Sources */,
				C7C1F7071FD6354C0039507C /* Geolocation.swift in Sources */,
				C7C1F7051FD635360039507C /* Moment.swift in Sources */,
			);
			runOnlyForDeploymentPostprocessing = 0;
		};
		C7CFEA0E1FD376E6000AC4A6 /* Sources */ = {
			isa = PBXSourcesBuildPhase;
			buildActionMask = 2147483647;
			files = (
				C7CFEA151FD376E6000AC4A6 /* AppDelegate.swift in Sources */,
			);
			runOnlyForDeploymentPostprocessing = 0;
		};
/* End PBXSourcesBuildPhase section */

/* Begin PBXVariantGroup section */
		C7AEC7FE1FD0B4350039B562 /* Main.storyboard */ = {
			isa = PBXVariantGroup;
			children = (
				C7AEC7FF1FD0B4350039B562 /* Base */,
			);
			name = Main.storyboard;
			sourceTree = "<group>";
		};
		C7CFEA1A1FD376E6000AC4A6 /* Main.storyboard */ = {
			isa = PBXVariantGroup;
			children = (
				C7CFEA1B1FD376E6000AC4A6 /* Base */,
			);
			name = Main.storyboard;
			sourceTree = "<group>";
		};
/* End PBXVariantGroup section */

/* Begin XCBuildConfiguration section */
		C7AEC8191FD0B4350039B562 /* Debug */ = {
			isa = XCBuildConfiguration;
			buildSettings = {
				ALWAYS_SEARCH_USER_PATHS = NO;
				CLANG_ANALYZER_NONNULL = YES;
				CLANG_ANALYZER_NUMBER_OBJECT_CONVERSION = YES_AGGRESSIVE;
				CLANG_CXX_LANGUAGE_STANDARD = "gnu++14";
				CLANG_CXX_LIBRARY = "libc++";
				CLANG_ENABLE_MODULES = YES;
				CLANG_ENABLE_OBJC_ARC = YES;
				CLANG_WARN_BLOCK_CAPTURE_AUTORELEASING = YES;
				CLANG_WARN_BOOL_CONVERSION = YES;
				CLANG_WARN_COMMA = YES;
				CLANG_WARN_CONSTANT_CONVERSION = YES;
				CLANG_WARN_DEPRECATED_OBJC_IMPLEMENTATIONS = YES;
				CLANG_WARN_DIRECT_OBJC_ISA_USAGE = YES_ERROR;
				CLANG_WARN_DOCUMENTATION_COMMENTS = YES;
				CLANG_WARN_EMPTY_BODY = YES;
				CLANG_WARN_ENUM_CONVERSION = YES;
				CLANG_WARN_INFINITE_RECURSION = YES;
				CLANG_WARN_INT_CONVERSION = YES;
				CLANG_WARN_NON_LITERAL_NULL_CONVERSION = YES;
				CLANG_WARN_OBJC_IMPLICIT_RETAIN_SELF = YES;
				CLANG_WARN_OBJC_LITERAL_CONVERSION = YES;
				CLANG_WARN_OBJC_ROOT_CLASS = YES_ERROR;
				CLANG_WARN_RANGE_LOOP_ANALYSIS = YES;
				CLANG_WARN_STRICT_PROTOTYPES = YES;
				CLANG_WARN_SUSPICIOUS_MOVE = YES;
				CLANG_WARN_UNGUARDED_AVAILABILITY = YES_AGGRESSIVE;
				CLANG_WARN_UNREACHABLE_CODE = YES;
				CLANG_WARN__DUPLICATE_METHOD_MATCH = YES;
				CODE_SIGN_IDENTITY = "Mac Developer";
				COPY_PHASE_STRIP = NO;
				DEBUG_INFORMATION_FORMAT = dwarf;
				ENABLE_STRICT_OBJC_MSGSEND = YES;
				ENABLE_TESTABILITY = YES;
				GCC_C_LANGUAGE_STANDARD = gnu11;
				GCC_DYNAMIC_NO_PIC = NO;
				GCC_NO_COMMON_BLOCKS = YES;
				GCC_OPTIMIZATION_LEVEL = 0;
				GCC_PREPROCESSOR_DEFINITIONS = (
					"DEBUG=1",
					"$(inherited)",
				);
				GCC_WARN_64_TO_32_BIT_CONVERSION = YES;
				GCC_WARN_ABOUT_RETURN_TYPE = YES_ERROR;
				GCC_WARN_UNDECLARED_SELECTOR = YES;
				GCC_WARN_UNINITIALIZED_AUTOS = YES_AGGRESSIVE;
				GCC_WARN_UNUSED_FUNCTION = YES;
				GCC_WARN_UNUSED_VARIABLE = YES;
				MACOSX_DEPLOYMENT_TARGET = 10.13;
				MTL_ENABLE_DEBUG_INFO = YES;
				ONLY_ACTIVE_ARCH = YES;
				SDKROOT = macosx;
				SWIFT_ACTIVE_COMPILATION_CONDITIONS = DEBUG;
				SWIFT_OPTIMIZATION_LEVEL = "-Onone";
			};
			name = Debug;
		};
		C7AEC81A1FD0B4350039B562 /* Release */ = {
			isa = XCBuildConfiguration;
			buildSettings = {
				ALWAYS_SEARCH_USER_PATHS = NO;
				CLANG_ANALYZER_NONNULL = YES;
				CLANG_ANALYZER_NUMBER_OBJECT_CONVERSION = YES_AGGRESSIVE;
				CLANG_CXX_LANGUAGE_STANDARD = "gnu++14";
				CLANG_CXX_LIBRARY = "libc++";
				CLANG_ENABLE_MODULES = YES;
				CLANG_ENABLE_OBJC_ARC = YES;
				CLANG_WARN_BLOCK_CAPTURE_AUTORELEASING = YES;
				CLANG_WARN_BOOL_CONVERSION = YES;
				CLANG_WARN_COMMA = YES;
				CLANG_WARN_CONSTANT_CONVERSION = YES;
				CLANG_WARN_DEPRECATED_OBJC_IMPLEMENTATIONS = YES;
				CLANG_WARN_DIRECT_OBJC_ISA_USAGE = YES_ERROR;
				CLANG_WARN_DOCUMENTATION_COMMENTS = YES;
				CLANG_WARN_EMPTY_BODY = YES;
				CLANG_WARN_ENUM_CONVERSION = YES;
				CLANG_WARN_INFINITE_RECURSION = YES;
				CLANG_WARN_INT_CONVERSION = YES;
				CLANG_WARN_NON_LITERAL_NULL_CONVERSION = YES;
				CLANG_WARN_OBJC_IMPLICIT_RETAIN_SELF = YES;
				CLANG_WARN_OBJC_LITERAL_CONVERSION = YES;
				CLANG_WARN_OBJC_ROOT_CLASS = YES_ERROR;
				CLANG_WARN_RANGE_LOOP_ANALYSIS = YES;
				CLANG_WARN_STRICT_PROTOTYPES = YES;
				CLANG_WARN_SUSPICIOUS_MOVE = YES;
				CLANG_WARN_UNGUARDED_AVAILABILITY = YES_AGGRESSIVE;
				CLANG_WARN_UNREACHABLE_CODE = YES;
				CLANG_WARN__DUPLICATE_METHOD_MATCH = YES;
				CODE_SIGN_IDENTITY = "Mac Developer";
				COPY_PHASE_STRIP = NO;
				DEBUG_INFORMATION_FORMAT = "dwarf-with-dsym";
				ENABLE_NS_ASSERTIONS = NO;
				ENABLE_STRICT_OBJC_MSGSEND = YES;
				GCC_C_LANGUAGE_STANDARD = gnu11;
				GCC_NO_COMMON_BLOCKS = YES;
				GCC_WARN_64_TO_32_BIT_CONVERSION = YES;
				GCC_WARN_ABOUT_RETURN_TYPE = YES_ERROR;
				GCC_WARN_UNDECLARED_SELECTOR = YES;
				GCC_WARN_UNINITIALIZED_AUTOS = YES_AGGRESSIVE;
				GCC_WARN_UNUSED_FUNCTION = YES;
				GCC_WARN_UNUSED_VARIABLE = YES;
				MACOSX_DEPLOYMENT_TARGET = 10.13;
				MTL_ENABLE_DEBUG_INFO = NO;
				SDKROOT = macosx;
				SWIFT_OPTIMIZATION_LEVEL = "-Owholemodule";
			};
			name = Release;
		};
		C7AEC81C1FD0B4350039B562 /* Debug */ = {
			isa = XCBuildConfiguration;
			buildSettings = {
				ASSETCATALOG_COMPILER_APPICON_NAME = AppIcon;
				CLANG_ENABLE_MODULES = YES;
				CODE_SIGN_ENTITLEMENTS = Lunar/Lunar.entitlements;
				CODE_SIGN_IDENTITY = "Mac Developer";
				CODE_SIGN_STYLE = Automatic;
				COMBINE_HIDPI_IMAGES = YES;
				DEBUG_INFORMATION_FORMAT = "dwarf-with-dsym";
				DEVELOPMENT_TEAM = RDDXV84A73;
				FRAMEWORK_SEARCH_PATHS = (
					"$(inherited)",
					"$(PROJECT_DIR)/Carthage/Build/Mac",
					"$(PROJECT_DIR)",
				);
				INFOPLIST_FILE = Lunar/Info.plist;
				LD_RUNPATH_SEARCH_PATHS = "$(inherited) @executable_path/../Frameworks $(CONFIGURATION_BUILD_DIR) @loader_path/../Frameworks";
				MACOSX_DEPLOYMENT_TARGET = 10.11;
				PRODUCT_BUNDLE_IDENTIFIER = site.lunarapp.Lunar;
				PRODUCT_NAME = "$(TARGET_NAME)";
				PROVISIONING_PROFILE_SPECIFIER = "";
				SWIFT_OBJC_BRIDGING_HEADER = "Lunar/DDC/Lunar-Bridging-Header.h";
				SWIFT_OPTIMIZATION_LEVEL = "-Onone";
				SWIFT_VERSION = 4.2;
			};
			name = Debug;
		};
		C7AEC81D1FD0B4350039B562 /* Release */ = {
			isa = XCBuildConfiguration;
			buildSettings = {
				ASSETCATALOG_COMPILER_APPICON_NAME = AppIcon;
				CLANG_ENABLE_MODULES = YES;
				CODE_SIGN_ENTITLEMENTS = Lunar/Lunar.entitlements;
				CODE_SIGN_IDENTITY = "Mac Developer";
				CODE_SIGN_STYLE = Automatic;
				COMBINE_HIDPI_IMAGES = YES;
				DEVELOPMENT_TEAM = RDDXV84A73;
				FRAMEWORK_SEARCH_PATHS = (
					"$(inherited)",
					"$(PROJECT_DIR)/Carthage/Build/Mac",
					"$(PROJECT_DIR)",
				);
				INFOPLIST_FILE = Lunar/Info.plist;
				LD_RUNPATH_SEARCH_PATHS = "$(inherited) @executable_path/../Frameworks $(CONFIGURATION_BUILD_DIR) @loader_path/../Frameworks";
				MACOSX_DEPLOYMENT_TARGET = 10.11;
				PRODUCT_BUNDLE_IDENTIFIER = site.lunarapp.Lunar;
				PRODUCT_NAME = "$(TARGET_NAME)";
				PROVISIONING_PROFILE_SPECIFIER = "";
				SWIFT_OBJC_BRIDGING_HEADER = "Lunar/DDC/Lunar-Bridging-Header.h";
				SWIFT_VERSION = 4.2;
			};
			name = Release;
		};
		C7CFEA1F1FD376E6000AC4A6 /* Debug */ = {
			isa = XCBuildConfiguration;
			buildSettings = {
				ASSETCATALOG_COMPILER_APPICON_NAME = AppIcon;
				CODE_SIGN_ENTITLEMENTS = LunarService/LunarService.entitlements;
				CODE_SIGN_IDENTITY = "Mac Developer";
				CODE_SIGN_STYLE = Automatic;
				COMBINE_HIDPI_IMAGES = YES;
				DEVELOPMENT_TEAM = RDDXV84A73;
				FRAMEWORK_SEARCH_PATHS = (
					"$(inherited)",
					"$(PROJECT_DIR)/Carthage/Build/Mac",
				);
				INFOPLIST_FILE = LunarService/Info.plist;
				LD_RUNPATH_SEARCH_PATHS = "$(inherited) @executable_path/../Frameworks";
				PRODUCT_BUNDLE_IDENTIFIER = com.alinp.LunarService;
				PRODUCT_NAME = "$(TARGET_NAME)";
				PROVISIONING_PROFILE_SPECIFIER = "";
				SKIP_INSTALL = YES;
				SWIFT_VERSION = 4.2;
			};
			name = Debug;
		};
		C7CFEA201FD376E6000AC4A6 /* Release */ = {
			isa = XCBuildConfiguration;
			buildSettings = {
				ASSETCATALOG_COMPILER_APPICON_NAME = AppIcon;
				CODE_SIGN_ENTITLEMENTS = LunarService/LunarService.entitlements;
				CODE_SIGN_IDENTITY = "Mac Developer";
				CODE_SIGN_STYLE = Automatic;
				COMBINE_HIDPI_IMAGES = YES;
				DEVELOPMENT_TEAM = RDDXV84A73;
				FRAMEWORK_SEARCH_PATHS = (
					"$(inherited)",
					"$(PROJECT_DIR)/Carthage/Build/Mac",
				);
				INFOPLIST_FILE = LunarService/Info.plist;
				LD_RUNPATH_SEARCH_PATHS = "$(inherited) @executable_path/../Frameworks";
				PRODUCT_BUNDLE_IDENTIFIER = com.alinp.LunarService;
				PRODUCT_NAME = "$(TARGET_NAME)";
				PROVISIONING_PROFILE_SPECIFIER = "";
				SKIP_INSTALL = YES;
				SWIFT_VERSION = 4.2;
			};
			name = Release;
		};
/* End XCBuildConfiguration section */

/* Begin XCConfigurationList section */
		C7AEC7F01FD0B4350039B562 /* Build configuration list for PBXProject "Lunar" */ = {
			isa = XCConfigurationList;
			buildConfigurations = (
				C7AEC8191FD0B4350039B562 /* Debug */,
				C7AEC81A1FD0B4350039B562 /* Release */,
			);
			defaultConfigurationIsVisible = 0;
			defaultConfigurationName = Release;
		};
		C7AEC81B1FD0B4350039B562 /* Build configuration list for PBXNativeTarget "Lunar" */ = {
			isa = XCConfigurationList;
			buildConfigurations = (
				C7AEC81C1FD0B4350039B562 /* Debug */,
				C7AEC81D1FD0B4350039B562 /* Release */,
			);
			defaultConfigurationIsVisible = 0;
			defaultConfigurationName = Release;
		};
		C7CFEA211FD376E6000AC4A6 /* Build configuration list for PBXNativeTarget "LunarService" */ = {
			isa = XCConfigurationList;
			buildConfigurations = (
				C7CFEA1F1FD376E6000AC4A6 /* Debug */,
				C7CFEA201FD376E6000AC4A6 /* Release */,
			);
			defaultConfigurationIsVisible = 0;
			defaultConfigurationName = Release;
		};
/* End XCConfigurationList section */

/* Begin XCVersionGroup section */
		C794E1751FF01EF500549462 /* Model.xcdatamodeld */ = {
			isa = XCVersionGroup;
			children = (
				C794E1761FF01EF500549462 /* Model.xcdatamodel */,
			);
			currentVersion = C794E1761FF01EF500549462 /* Model.xcdatamodel */;
			path = Model.xcdatamodeld;
			sourceTree = "<group>";
			versionGroupType = wrapper.xcdatamodel;
		};
/* End XCVersionGroup section */
	};
	rootObject = C7AEC7ED1FD0B4350039B562 /* Project object */;
}
