// !$*UTF8*$!
{
	archiveVersion = 1;
	classes = {
	};
	objectVersion = 52;
	objects = {

/* Begin PBXBuildFile section */
		BF_746411459837 /* Secrets.generated.swift in Sources */ = {isa = PBXBuildFile; fileRef = FR_234235089941 /* Secrets.generated.swift */; };
		C72776E7201F02140055934F /* PageControl.swift in Sources */ = {isa = PBXBuildFile; fileRef = C72776E6201F02140055934F /* PageControl.swift */; };
		C72776E9201F1BED0055934F /* ExceptionsView.swift in Sources */ = {isa = PBXBuildFile; fileRef = C72776E8201F1BED0055934F /* ExceptionsView.swift */; };
		C72776EB201F1DE50055934F /* ExceptionsViewController.swift in Sources */ = {isa = PBXBuildFile; fileRef = C72776EA201F1DE50055934F /* ExceptionsViewController.swift */; };
		C72776ED201F26CB0055934F /* AppException.swift in Sources */ = {isa = PBXBuildFile; fileRef = C72776EC201F26CB0055934F /* AppException.swift */; };
		C728D7ED2296D81B003CAD65 /* TextButton.swift in Sources */ = {isa = PBXBuildFile; fileRef = C728D7EC2296D81B003CAD65 /* TextButton.swift */; };
		C731260C22B38899001ED199 /* HelpButton.swift in Sources */ = {isa = PBXBuildFile; fileRef = C731260B22B38899001ED199 /* HelpButton.swift */; };
		C731260F22B3A9CD001ED199 /* HelpPopoverController.swift in Sources */ = {isa = PBXBuildFile; fileRef = C731260E22B3A9CD001ED199 /* HelpPopoverController.swift */; };
		C731261322B3DF0A001ED199 /* Down.framework in Frameworks */ = {isa = PBXBuildFile; fileRef = C731261222B3DF0A001ED199 /* Down.framework */; };
		C731261422B3DF0A001ED199 /* Down.framework in Embed Frameworks */ = {isa = PBXBuildFile; fileRef = C731261222B3DF0A001ED199 /* Down.framework */; settings = {ATTRIBUTES = (CodeSignOnCopy, RemoveHeadersOnCopy, ); }; };
		C73AAC4B22241B690063AD2A /* Hotkeys.swift in Sources */ = {isa = PBXBuildFile; fileRef = C73AAC4A22241B690063AD2A /* Hotkeys.swift */; };
		C749B34020DB9D2C0086AF97 /* SettingsPageController.swift in Sources */ = {isa = PBXBuildFile; fileRef = C749B33F20DB9D2C0086AF97 /* SettingsPageController.swift */; };
		C75083402222865F0020270E /* WAYWindow.framework in Frameworks */ = {isa = PBXBuildFile; fileRef = C75083342222865D0020270E /* WAYWindow.framework */; };
		C75083412222865F0020270E /* WAYWindow.framework in Embed Frameworks */ = {isa = PBXBuildFile; fileRef = C75083342222865D0020270E /* WAYWindow.framework */; settings = {ATTRIBUTES = (CodeSignOnCopy, RemoveHeadersOnCopy, ); }; };
		C75083422222865F0020270E /* Charts.framework in Frameworks */ = {isa = PBXBuildFile; fileRef = C75083352222865D0020270E /* Charts.framework */; };
		C75083432222865F0020270E /* Charts.framework in Embed Frameworks */ = {isa = PBXBuildFile; fileRef = C75083352222865D0020270E /* Charts.framework */; settings = {ATTRIBUTES = (CodeSignOnCopy, RemoveHeadersOnCopy, ); }; };
		C75083442222865F0020270E /* Alamofire.framework in Frameworks */ = {isa = PBXBuildFile; fileRef = C75083362222865D0020270E /* Alamofire.framework */; };
		C75083452222865F0020270E /* Alamofire.framework in Embed Frameworks */ = {isa = PBXBuildFile; fileRef = C75083362222865D0020270E /* Alamofire.framework */; settings = {ATTRIBUTES = (CodeSignOnCopy, RemoveHeadersOnCopy, ); }; };
		C75083462222865F0020270E /* Solar.framework in Frameworks */ = {isa = PBXBuildFile; fileRef = C75083372222865E0020270E /* Solar.framework */; };
		C75083472222865F0020270E /* Solar.framework in Embed Frameworks */ = {isa = PBXBuildFile; fileRef = C75083372222865E0020270E /* Solar.framework */; settings = {ATTRIBUTES = (CodeSignOnCopy, RemoveHeadersOnCopy, ); }; };
		C750834A2222865F0020270E /* SwiftDate.framework in Frameworks */ = {isa = PBXBuildFile; fileRef = C75083392222865E0020270E /* SwiftDate.framework */; };
		C750834B2222865F0020270E /* SwiftDate.framework in Embed Frameworks */ = {isa = PBXBuildFile; fileRef = C75083392222865E0020270E /* SwiftDate.framework */; settings = {ATTRIBUTES = (CodeSignOnCopy, RemoveHeadersOnCopy, ); }; };
		C750834C2222865F0020270E /* SwiftyJSON.framework in Frameworks */ = {isa = PBXBuildFile; fileRef = C750833A2222865E0020270E /* SwiftyJSON.framework */; };
		C750834D2222865F0020270E /* SwiftyJSON.framework in Embed Frameworks */ = {isa = PBXBuildFile; fileRef = C750833A2222865E0020270E /* SwiftyJSON.framework */; settings = {ATTRIBUTES = (CodeSignOnCopy, RemoveHeadersOnCopy, ); }; };
		C750834E2222865F0020270E /* KeyHolder.framework in Frameworks */ = {isa = PBXBuildFile; fileRef = C750833B2222865E0020270E /* KeyHolder.framework */; };
		C750834F2222865F0020270E /* KeyHolder.framework in Embed Frameworks */ = {isa = PBXBuildFile; fileRef = C750833B2222865E0020270E /* KeyHolder.framework */; settings = {ATTRIBUTES = (CodeSignOnCopy, RemoveHeadersOnCopy, ); }; };
		C75083502222865F0020270E /* SwiftyBeaver.framework in Frameworks */ = {isa = PBXBuildFile; fileRef = C750833C2222865E0020270E /* SwiftyBeaver.framework */; };
		C75083512222865F0020270E /* SwiftyBeaver.framework in Embed Frameworks */ = {isa = PBXBuildFile; fileRef = C750833C2222865E0020270E /* SwiftyBeaver.framework */; settings = {ATTRIBUTES = (CodeSignOnCopy, RemoveHeadersOnCopy, ); }; };
		C75083522222865F0020270E /* Magnet.framework in Frameworks */ = {isa = PBXBuildFile; fileRef = C750833D2222865E0020270E /* Magnet.framework */; };
		C75083532222865F0020270E /* Magnet.framework in Embed Frameworks */ = {isa = PBXBuildFile; fileRef = C750833D2222865E0020270E /* Magnet.framework */; settings = {ATTRIBUTES = (CodeSignOnCopy, RemoveHeadersOnCopy, ); }; };
		C75083542222865F0020270E /* NSPageControl.framework in Frameworks */ = {isa = PBXBuildFile; fileRef = C750833E2222865E0020270E /* NSPageControl.framework */; };
		C75083552222865F0020270E /* NSPageControl.framework in Embed Frameworks */ = {isa = PBXBuildFile; fileRef = C750833E2222865E0020270E /* NSPageControl.framework */; settings = {ATTRIBUTES = (CodeSignOnCopy, RemoveHeadersOnCopy, ); }; };
		C75083622222DC3C0020270E /* HotKeyViewController.swift in Sources */ = {isa = PBXBuildFile; fileRef = C75083612222DC3C0020270E /* HotKeyViewController.swift */; };
		C75083642222DC9F0020270E /* HotKeyView.swift in Sources */ = {isa = PBXBuildFile; fileRef = C75083632222DC9F0020270E /* HotKeyView.swift */; };
		C7520C081FD20CC200756F82 /* BrightnessAdapter.swift in Sources */ = {isa = PBXBuildFile; fileRef = C7520C071FD20CC200756F82 /* BrightnessAdapter.swift */; };
		C7521D34226C762B0062EC81 /* DDC.c in Sources */ = {isa = PBXBuildFile; fileRef = C7521D32226C762A0062EC81 /* DDC.c */; };
		C7521D37226C77510062EC81 /* DDC.swift in Sources */ = {isa = PBXBuildFile; fileRef = C7151944224E34BA0024C6F6 /* DDC.swift */; };
		C7574F782352019700358397 /* ServiceManagement.framework in Frameworks */ = {isa = PBXBuildFile; fileRef = C7CFEA251FD3787C000AC4A6 /* ServiceManagement.framework */; };
		C7574F7A2352081500358397 /* LunarService.app in Copy Files */ = {isa = PBXBuildFile; fileRef = C7CFEA121FD376E6000AC4A6 /* LunarService.app */; settings = {ATTRIBUTES = (RemoveHeadersOnCopy, ); }; };
		C76A129C20D795A7005D4BE3 /* ModernWindow.swift in Sources */ = {isa = PBXBuildFile; fileRef = C76A129B20D795A7005D4BE3 /* ModernWindow.swift */; };
		C76A129E20D8084E005D4BE3 /* NumberFormatter.swift in Sources */ = {isa = PBXBuildFile; fileRef = C76A129D20D8084E005D4BE3 /* NumberFormatter.swift */; };
		C76A12A020D8DDAD005D4BE3 /* BrightnessContrastChartView.swift in Sources */ = {isa = PBXBuildFile; fileRef = C76A129F20D8DDAD005D4BE3 /* BrightnessContrastChartView.swift */; };
		C77200031FF072CB0078E155 /* ScrollableBrightness.swift in Sources */ = {isa = PBXBuildFile; fileRef = C77200021FF072CB0078E155 /* ScrollableBrightness.swift */; };
		C7789AE01FF9029700D326A8 /* ScrollableContrast.swift in Sources */ = {isa = PBXBuildFile; fileRef = C7789ADF1FF9029700D326A8 /* ScrollableContrast.swift */; };
		C77CC7551FED5501009AA718 /* SplitViewController.swift in Sources */ = {isa = PBXBuildFile; fileRef = C77CC7541FED5501009AA718 /* SplitViewController.swift */; };
		C77CC7591FED9ECE009AA718 /* DisplayViewController.swift in Sources */ = {isa = PBXBuildFile; fileRef = C77CC7581FED9ECE009AA718 /* DisplayViewController.swift */; };
		C77CC75C1FEDB3A3009AA718 /* DisplayView.swift in Sources */ = {isa = PBXBuildFile; fileRef = C77CC75B1FEDB3A3009AA718 /* DisplayView.swift */; };
		C78AB66720F0C73900863CB1 /* Logger.swift in Sources */ = {isa = PBXBuildFile; fileRef = C78AB66620F0C73900863CB1 /* Logger.swift */; };
		C78B9220237ECDDA0060DC7C /* Sentry.framework in Frameworks */ = {isa = PBXBuildFile; fileRef = C78B921D237ECDCC0060DC7C /* Sentry.framework */; };
		C78B9221237ECDDA0060DC7C /* Sentry.framework in Embed Frameworks */ = {isa = PBXBuildFile; fileRef = C78B921D237ECDCC0060DC7C /* Sentry.framework */; settings = {ATTRIBUTES = (CodeSignOnCopy, RemoveHeadersOnCopy, ); }; };
		C79224182360BA030037B559 /* Sparkle.framework in Frameworks */ = {isa = PBXBuildFile; fileRef = C79224172360BA030037B559 /* Sparkle.framework */; };
		C79224192360BA030037B559 /* Sparkle.framework in Embed Frameworks */ = {isa = PBXBuildFile; fileRef = C79224172360BA030037B559 /* Sparkle.framework */; settings = {ATTRIBUTES = (CodeSignOnCopy, RemoveHeadersOnCopy, ); }; };
		C792241D2360BA120037B559 /* org.sparkle-project.InstallerLauncher.xpc in Embed XPC Services */ = {isa = PBXBuildFile; fileRef = C792241A2360BA120037B559 /* org.sparkle-project.InstallerLauncher.xpc */; settings = {ATTRIBUTES = (RemoveHeadersOnCopy, ); }; };
		C792241E2360BA120037B559 /* org.sparkle-project.InstallerStatus.xpc in Embed XPC Services */ = {isa = PBXBuildFile; fileRef = C792241B2360BA120037B559 /* org.sparkle-project.InstallerStatus.xpc */; settings = {ATTRIBUTES = (RemoveHeadersOnCopy, ); }; };
		C792241F2360BA120037B559 /* org.sparkle-project.InstallerConnection.xpc in Embed XPC Services */ = {isa = PBXBuildFile; fileRef = C792241C2360BA120037B559 /* org.sparkle-project.InstallerConnection.xpc */; settings = {ATTRIBUTES = (RemoveHeadersOnCopy, ); }; };
		C794E1641FEE84DF00549462 /* ToggleButton.swift in Sources */ = {isa = PBXBuildFile; fileRef = C794E1631FEE84DF00549462 /* ToggleButton.swift */; };
		C794E1741FEFE31A00549462 /* ScrollableTextField.swift in Sources */ = {isa = PBXBuildFile; fileRef = C794E1731FEFE31A00549462 /* ScrollableTextField.swift */; };
		C7A2574220EA249B003B3A84 /* dsa_pub.pem in Resources */ = {isa = PBXBuildFile; fileRef = C7A2574120EA249B003B3A84 /* dsa_pub.pem */; };
		C7A2BDDA223FC8D100C910E3 /* Surge.framework in Frameworks */ = {isa = PBXBuildFile; fileRef = C7A2BDD9223FC8D100C910E3 /* Surge.framework */; };
		C7A2BDDB223FC8D100C910E3 /* Surge.framework in Embed Frameworks */ = {isa = PBXBuildFile; fileRef = C7A2BDD9223FC8D100C910E3 /* Surge.framework */; settings = {ATTRIBUTES = (CodeSignOnCopy, RemoveHeadersOnCopy, ); }; };
		C7A2BDEC22411E9500C910E3 /* Charts.framework.dSYM in CopyFiles */ = {isa = PBXBuildFile; fileRef = C7A2BDDF22411E9300C910E3 /* Charts.framework.dSYM */; };
		C7A2BDED22411E9500C910E3 /* SwiftyJSON.framework.dSYM in CopyFiles */ = {isa = PBXBuildFile; fileRef = C7A2BDE022411E9300C910E3 /* SwiftyJSON.framework.dSYM */; };
		C7A2BDEE22411E9500C910E3 /* KeyHolder.framework.dSYM in CopyFiles */ = {isa = PBXBuildFile; fileRef = C7A2BDE122411E9400C910E3 /* KeyHolder.framework.dSYM */; };
		C7A2BDEF22411E9500C910E3 /* Solar.framework.dSYM in CopyFiles */ = {isa = PBXBuildFile; fileRef = C7A2BDE222411E9400C910E3 /* Solar.framework.dSYM */; };
		C7A2BDF022411E9500C910E3 /* WAYWindow.framework.dSYM in CopyFiles */ = {isa = PBXBuildFile; fileRef = C7A2BDE322411E9400C910E3 /* WAYWindow.framework.dSYM */; };
		C7A2BDF122411E9500C910E3 /* Surge.framework.dSYM in CopyFiles */ = {isa = PBXBuildFile; fileRef = C7A2BDE422411E9400C910E3 /* Surge.framework.dSYM */; };
		C7A2BDF322411E9500C910E3 /* Magnet.framework.dSYM in CopyFiles */ = {isa = PBXBuildFile; fileRef = C7A2BDE622411E9400C910E3 /* Magnet.framework.dSYM */; };
		C7A2BDF422411E9500C910E3 /* SwiftDate.framework.dSYM in CopyFiles */ = {isa = PBXBuildFile; fileRef = C7A2BDE722411E9400C910E3 /* SwiftDate.framework.dSYM */; };
		C7A2BDF522411E9500C910E3 /* SwiftyBeaver.framework.dSYM in CopyFiles */ = {isa = PBXBuildFile; fileRef = C7A2BDE822411E9500C910E3 /* SwiftyBeaver.framework.dSYM */; };
		C7A2BDF722411E9500C910E3 /* NSPageControl.framework.dSYM in CopyFiles */ = {isa = PBXBuildFile; fileRef = C7A2BDEA22411E9500C910E3 /* NSPageControl.framework.dSYM */; };
		C7A2BDF822411E9500C910E3 /* Alamofire.framework.dSYM in CopyFiles */ = {isa = PBXBuildFile; fileRef = C7A2BDEB22411E9500C910E3 /* Alamofire.framework.dSYM */; };
		C7A63205238C04C10005D792 /* MenuPopoverController.swift in Sources */ = {isa = PBXBuildFile; fileRef = C7A63204238C04C10005D792 /* MenuPopoverController.swift */; };
		C7AB59782396C4A90028E573 /* Transformers.swift in Sources */ = {isa = PBXBuildFile; fileRef = C7AB59762396C4A80028E573 /* Transformers.swift */; };
		C7AEC7F91FD0B4350039B562 /* AppDelegate.swift in Sources */ = {isa = PBXBuildFile; fileRef = C7AEC7F81FD0B4350039B562 /* AppDelegate.swift */; };
		C7AEC7FB1FD0B4350039B562 /* PageController.swift in Sources */ = {isa = PBXBuildFile; fileRef = C7AEC7FA1FD0B4350039B562 /* PageController.swift */; };
		C7AEC7FD1FD0B4350039B562 /* Assets.xcassets in Resources */ = {isa = PBXBuildFile; fileRef = C7AEC7FC1FD0B4350039B562 /* Assets.xcassets */; };
		C7AEC8001FD0B4350039B562 /* Main.storyboard in Resources */ = {isa = PBXBuildFile; fileRef = C7AEC7FE1FD0B4350039B562 /* Main.storyboard */; };
		C7B6EA10201B41C10090EE0E /* Theme.swift in Sources */ = {isa = PBXBuildFile; fileRef = C7B6EA0F201B41C10090EE0E /* Theme.swift */; };
		C7BEF9D62399550F00F3DC93 /* NotConnectedTextField.swift in Sources */ = {isa = PBXBuildFile; fileRef = C7BEF9D52399550F00F3DC93 /* NotConnectedTextField.swift */; };
		C7C16321208503B000C7EA8F /* ConfigurationViewController.swift in Sources */ = {isa = PBXBuildFile; fileRef = C7C16320208503B000C7EA8F /* ConfigurationViewController.swift */; };
		C7C1F7011FD5D2C10039507C /* ModernWindowController.swift in Sources */ = {isa = PBXBuildFile; fileRef = C7C1F7001FD5D2C10039507C /* ModernWindowController.swift */; };
		C7C1F7031FD5FD390039507C /* Display.swift in Sources */ = {isa = PBXBuildFile; fileRef = C7C1F7021FD5FD390039507C /* Display.swift */; };
		C7C1F7051FD635360039507C /* Moment.swift in Sources */ = {isa = PBXBuildFile; fileRef = C7C1F7041FD635360039507C /* Moment.swift */; };
		C7C1F7071FD6354C0039507C /* Geolocation.swift in Sources */ = {isa = PBXBuildFile; fileRef = C7C1F7061FD6354C0039507C /* Geolocation.swift */; };
		C7C1F7091FD639970039507C /* DataStore.swift in Sources */ = {isa = PBXBuildFile; fileRef = C7C1F7081FD639970039507C /* DataStore.swift */; };
		C7C68F09201B75C700F49A2B /* DeleteButton.swift in Sources */ = {isa = PBXBuildFile; fileRef = C7C68F08201B75C700F49A2B /* DeleteButton.swift */; };
		C7C68F0B201D356800F49A2B /* SettingsViewController.swift in Sources */ = {isa = PBXBuildFile; fileRef = C7C68F0A201D356800F49A2B /* SettingsViewController.swift */; };
		C7C68F0D201D3D9800F49A2B /* SettingsView.swift in Sources */ = {isa = PBXBuildFile; fileRef = C7C68F0C201D3D9800F49A2B /* SettingsView.swift */; };
		C7CBEFF4238C147800031E93 /* StatusItemButtonController.swift in Sources */ = {isa = PBXBuildFile; fileRef = C7CBEFF3238C147800031E93 /* StatusItemButtonController.swift */; };
		C7CBEFF7238C47D600031E93 /* DisplayValuesView.swift in Sources */ = {isa = PBXBuildFile; fileRef = C7CBEFF6238C47D600031E93 /* DisplayValuesView.swift */; };
		C7CBEFFD238E81FF00031E93 /* Util.swift in Sources */ = {isa = PBXBuildFile; fileRef = C7CBEFFC238E81FF00031E93 /* Util.swift */; };
		C7CBF007238EC8A400031E93 /* Sentry.framework.dSYM in CopyFiles */ = {isa = PBXBuildFile; fileRef = C78B921F237ECDCD0060DC7C /* Sentry.framework.dSYM */; };
		C7CBF008238EC8A400031E93 /* Down.framework.dSYM in CopyFiles */ = {isa = PBXBuildFile; fileRef = C731261522B3DF1E001ED199 /* Down.framework.dSYM */; };
		C7CBF00A238EC8DC00031E93 /* Sparkle.framework.dSYM in Resources */ = {isa = PBXBuildFile; fileRef = C7CBF009238EC8DC00031E93 /* Sparkle.framework.dSYM */; };
		C7CBF00B238EC8F700031E93 /* Sparkle.framework.dSYM in CopyFiles */ = {isa = PBXBuildFile; fileRef = C7CBF009238EC8DC00031E93 /* Sparkle.framework.dSYM */; };
		C7CFEA151FD376E6000AC4A6 /* AppDelegate.swift in Sources */ = {isa = PBXBuildFile; fileRef = C7CFEA141FD376E6000AC4A6 /* AppDelegate.swift */; };
		C7CFEA191FD376E6000AC4A6 /* Assets.xcassets in Resources */ = {isa = PBXBuildFile; fileRef = C7CFEA181FD376E6000AC4A6 /* Assets.xcassets */; };
		C7CFEA1C1FD376E6000AC4A6 /* Main.storyboard in Resources */ = {isa = PBXBuildFile; fileRef = C7CFEA1A1FD376E6000AC4A6 /* Main.storyboard */; };
		C7DE9391201A40B00017F965 /* ScrollableTextFieldCaption.swift in Sources */ = {isa = PBXBuildFile; fileRef = C7DE9390201A40B00017F965 /* ScrollableTextFieldCaption.swift */; };
		C7E242652119A65B0020326C /* LockButton.swift in Sources */ = {isa = PBXBuildFile; fileRef = C7E242642119A65B0020326C /* LockButton.swift */; };
		C7E4747420CD5C1400B662A9 /* RemoveAppButton.swift in Sources */ = {isa = PBXBuildFile; fileRef = C7E4747320CD5C1400B662A9 /* RemoveAppButton.swift */; };
		C7FE724F238EDFB100EBA6DA /* CoreDisplay.framework in Frameworks */ = {isa = PBXBuildFile; fileRef = C7CBF011238EDDFE00031E93 /* CoreDisplay.framework */; };
		C7FE725423904AE500EBA6DA /* QuickAdaptiveButton.swift in Sources */ = {isa = PBXBuildFile; fileRef = C7FE725323904AE500EBA6DA /* QuickAdaptiveButton.swift */; };
		C7FE72572391B3BC00EBA6DA /* CryptorECC in Frameworks */ = {isa = PBXBuildFile; productRef = C7FE72562391B3BC00EBA6DA /* CryptorECC */; };
/* End PBXBuildFile section */

/* Begin PBXContainerItemProxy section */
		C7151939224E335A0024C6F6 /* PBXContainerItemProxy */ = {
			isa = PBXContainerItemProxy;
			containerPortal = C7151935224E33590024C6F6 /* EDIDReader.xcodeproj */;
			proxyType = 2;
			remoteGlobalIDString = C715192B224E33590024C6F6;
			remoteInfo = EDIDReader;
		};
		C7574F7C2352175700358397 /* PBXContainerItemProxy */ = {
			isa = PBXContainerItemProxy;
			containerPortal = C7AEC7ED1FD0B4350039B562 /* Project object */;
			proxyType = 1;
			remoteGlobalIDString = C7CFEA111FD376E6000AC4A6;
			remoteInfo = LunarService;
		};
/* End PBXContainerItemProxy section */

/* Begin PBXCopyFilesBuildPhase section */
		C75083582222865F0020270E /* Embed Frameworks */ = {
			isa = PBXCopyFilesBuildPhase;
			buildActionMask = 2147483647;
			dstPath = "";
			dstSubfolderSpec = 10;
			files = (
				C7A2BDDB223FC8D100C910E3 /* Surge.framework in Embed Frameworks */,
				C75083472222865F0020270E /* Solar.framework in Embed Frameworks */,
				C79224192360BA030037B559 /* Sparkle.framework in Embed Frameworks */,
				C75083412222865F0020270E /* WAYWindow.framework in Embed Frameworks */,
				C75083552222865F0020270E /* NSPageControl.framework in Embed Frameworks */,
				C75083452222865F0020270E /* Alamofire.framework in Embed Frameworks */,
				C75083512222865F0020270E /* SwiftyBeaver.framework in Embed Frameworks */,
				C750834D2222865F0020270E /* SwiftyJSON.framework in Embed Frameworks */,
				C75083532222865F0020270E /* Magnet.framework in Embed Frameworks */,
				C731261422B3DF0A001ED199 /* Down.framework in Embed Frameworks */,
				C750834B2222865F0020270E /* SwiftDate.framework in Embed Frameworks */,
				C750834F2222865F0020270E /* KeyHolder.framework in Embed Frameworks */,
				C78B9221237ECDDA0060DC7C /* Sentry.framework in Embed Frameworks */,
				C75083432222865F0020270E /* Charts.framework in Embed Frameworks */,
			);
			name = "Embed Frameworks";
			runOnlyForDeploymentPostprocessing = 0;
		};
		C79224202360BA120037B559 /* Embed XPC Services */ = {
			isa = PBXCopyFilesBuildPhase;
			buildActionMask = 2147483647;
			dstPath = "$(CONTENTS_FOLDER_PATH)/XPCServices";
			dstSubfolderSpec = 16;
			files = (
				C792241E2360BA120037B559 /* org.sparkle-project.InstallerStatus.xpc in Embed XPC Services */,
				C792241F2360BA120037B559 /* org.sparkle-project.InstallerConnection.xpc in Embed XPC Services */,
				C792241D2360BA120037B559 /* org.sparkle-project.InstallerLauncher.xpc in Embed XPC Services */,
			);
			name = "Embed XPC Services";
			runOnlyForDeploymentPostprocessing = 0;
		};
		C7A2BDDE22411E2400C910E3 /* CopyFiles */ = {
			isa = PBXCopyFilesBuildPhase;
			buildActionMask = 2147483647;
			dstPath = "";
			dstSubfolderSpec = 16;
			files = (
				C7CBF007238EC8A400031E93 /* Sentry.framework.dSYM in CopyFiles */,
				C7CBF008238EC8A400031E93 /* Down.framework.dSYM in CopyFiles */,
				C7A2BDF822411E9500C910E3 /* Alamofire.framework.dSYM in CopyFiles */,
				C7A2BDEC22411E9500C910E3 /* Charts.framework.dSYM in CopyFiles */,
				C7A2BDEE22411E9500C910E3 /* KeyHolder.framework.dSYM in CopyFiles */,
				C7A2BDF322411E9500C910E3 /* Magnet.framework.dSYM in CopyFiles */,
				C7A2BDF722411E9500C910E3 /* NSPageControl.framework.dSYM in CopyFiles */,
				C7A2BDEF22411E9500C910E3 /* Solar.framework.dSYM in CopyFiles */,
				C7A2BDF122411E9500C910E3 /* Surge.framework.dSYM in CopyFiles */,
				C7A2BDF422411E9500C910E3 /* SwiftDate.framework.dSYM in CopyFiles */,
				C7A2BDF522411E9500C910E3 /* SwiftyBeaver.framework.dSYM in CopyFiles */,
				C7CBF00B238EC8F700031E93 /* Sparkle.framework.dSYM in CopyFiles */,
				C7A2BDED22411E9500C910E3 /* SwiftyJSON.framework.dSYM in CopyFiles */,
				C7A2BDF022411E9500C910E3 /* WAYWindow.framework.dSYM in CopyFiles */,
			);
			runOnlyForDeploymentPostprocessing = 0;
		};
		C7CFEA221FD37836000AC4A6 /* Copy Files */ = {
			isa = PBXCopyFilesBuildPhase;
			buildActionMask = 12;
			dstPath = Contents/Library/LoginItems;
			dstSubfolderSpec = 1;
			files = (
				C7574F7A2352081500358397 /* LunarService.app in Copy Files */,
			);
			name = "Copy Files";
			runOnlyForDeploymentPostprocessing = 0;
		};
		C7CFEA291FD37AF3000AC4A6 /* Embed Frameworks */ = {
			isa = PBXCopyFilesBuildPhase;
			buildActionMask = 2147483647;
			dstPath = "";
			dstSubfolderSpec = 10;
			files = (
			);
			name = "Embed Frameworks";
			runOnlyForDeploymentPostprocessing = 0;
		};
/* End PBXCopyFilesBuildPhase section */

/* Begin PBXFileReference section */
		C7151935224E33590024C6F6 /* EDIDReader.xcodeproj */ = {isa = PBXFileReference; lastKnownFileType = "wrapper.pb-project"; name = EDIDReader.xcodeproj; path = EDIDReader/EDIDReader.xcodeproj; sourceTree = "<group>"; };
		C7151941224E34BA0024C6F6 /* DDC.h */ = {isa = PBXFileReference; lastKnownFileType = sourcecode.c.h; path = DDC.h; sourceTree = "<group>"; };
		C7151943224E34BA0024C6F6 /* Lunar-Bridging-Header.h */ = {isa = PBXFileReference; lastKnownFileType = sourcecode.c.h; path = "Lunar-Bridging-Header.h"; sourceTree = "<group>"; };
		C7151944224E34BA0024C6F6 /* DDC.swift */ = {isa = PBXFileReference; lastKnownFileType = sourcecode.swift; path = DDC.swift; sourceTree = "<group>"; };
		C72776E6201F02140055934F /* PageControl.swift */ = {isa = PBXFileReference; lastKnownFileType = sourcecode.swift; name = PageControl.swift; path = Lunar/Views/PageControl.swift; sourceTree = SOURCE_ROOT; };
		C72776E8201F1BED0055934F /* ExceptionsView.swift */ = {isa = PBXFileReference; lastKnownFileType = sourcecode.swift; path = ExceptionsView.swift; sourceTree = "<group>"; };
		C72776EA201F1DE50055934F /* ExceptionsViewController.swift */ = {isa = PBXFileReference; lastKnownFileType = sourcecode.swift; path = ExceptionsViewController.swift; sourceTree = "<group>"; };
		C72776EC201F26CB0055934F /* AppException.swift */ = {isa = PBXFileReference; lastKnownFileType = sourcecode.swift; path = AppException.swift; sourceTree = "<group>"; };
		C728D7EC2296D81B003CAD65 /* TextButton.swift */ = {isa = PBXFileReference; lastKnownFileType = sourcecode.swift; path = TextButton.swift; sourceTree = "<group>"; };
		C731260B22B38899001ED199 /* HelpButton.swift */ = {isa = PBXFileReference; lastKnownFileType = sourcecode.swift; path = HelpButton.swift; sourceTree = "<group>"; };
		C731260E22B3A9CD001ED199 /* HelpPopoverController.swift */ = {isa = PBXFileReference; lastKnownFileType = sourcecode.swift; path = HelpPopoverController.swift; sourceTree = "<group>"; };
		C731261222B3DF0A001ED199 /* Down.framework */ = {isa = PBXFileReference; lastKnownFileType = wrapper.framework; path = Down.framework; sourceTree = "<group>"; };
		C731261522B3DF1E001ED199 /* Down.framework.dSYM */ = {isa = PBXFileReference; lastKnownFileType = wrapper.dsym; path = Down.framework.dSYM; sourceTree = "<group>"; };
		C735DD791FD5C04D00FBD16F /* AppKit.framework */ = {isa = PBXFileReference; lastKnownFileType = wrapper.framework; name = AppKit.framework; path = System/Library/Frameworks/AppKit.framework; sourceTree = SDKROOT; };
		C73AAC4A22241B690063AD2A /* Hotkeys.swift */ = {isa = PBXFileReference; lastKnownFileType = sourcecode.swift; path = Hotkeys.swift; sourceTree = "<group>"; };
		C749B33F20DB9D2C0086AF97 /* SettingsPageController.swift */ = {isa = PBXFileReference; lastKnownFileType = sourcecode.swift; path = SettingsPageController.swift; sourceTree = "<group>"; };
		C75083342222865D0020270E /* WAYWindow.framework */ = {isa = PBXFileReference; lastKnownFileType = wrapper.framework; path = WAYWindow.framework; sourceTree = "<group>"; };
		C75083352222865D0020270E /* Charts.framework */ = {isa = PBXFileReference; lastKnownFileType = wrapper.framework; path = Charts.framework; sourceTree = "<group>"; };
		C75083362222865D0020270E /* Alamofire.framework */ = {isa = PBXFileReference; lastKnownFileType = wrapper.framework; path = Alamofire.framework; sourceTree = "<group>"; };
		C75083372222865E0020270E /* Solar.framework */ = {isa = PBXFileReference; lastKnownFileType = wrapper.framework; path = Solar.framework; sourceTree = "<group>"; };
		C75083392222865E0020270E /* SwiftDate.framework */ = {isa = PBXFileReference; lastKnownFileType = wrapper.framework; path = SwiftDate.framework; sourceTree = "<group>"; };
		C750833A2222865E0020270E /* SwiftyJSON.framework */ = {isa = PBXFileReference; lastKnownFileType = wrapper.framework; path = SwiftyJSON.framework; sourceTree = "<group>"; };
		C750833B2222865E0020270E /* KeyHolder.framework */ = {isa = PBXFileReference; lastKnownFileType = wrapper.framework; path = KeyHolder.framework; sourceTree = "<group>"; };
		C750833C2222865E0020270E /* SwiftyBeaver.framework */ = {isa = PBXFileReference; lastKnownFileType = wrapper.framework; path = SwiftyBeaver.framework; sourceTree = "<group>"; };
		C750833D2222865E0020270E /* Magnet.framework */ = {isa = PBXFileReference; lastKnownFileType = wrapper.framework; path = Magnet.framework; sourceTree = "<group>"; };
		C750833E2222865E0020270E /* NSPageControl.framework */ = {isa = PBXFileReference; lastKnownFileType = wrapper.framework; path = NSPageControl.framework; sourceTree = "<group>"; };
		C75083612222DC3C0020270E /* HotKeyViewController.swift */ = {isa = PBXFileReference; lastKnownFileType = sourcecode.swift; path = HotKeyViewController.swift; sourceTree = "<group>"; };
		C75083632222DC9F0020270E /* HotKeyView.swift */ = {isa = PBXFileReference; lastKnownFileType = sourcecode.swift; path = HotKeyView.swift; sourceTree = "<group>"; };
		C7520C071FD20CC200756F82 /* BrightnessAdapter.swift */ = {isa = PBXFileReference; lastKnownFileType = sourcecode.swift; path = BrightnessAdapter.swift; sourceTree = "<group>"; };
		C7521D32226C762A0062EC81 /* DDC.c */ = {isa = PBXFileReference; fileEncoding = 4; lastKnownFileType = sourcecode.c.c; name = DDC.c; path = Lunar/DDC.c; sourceTree = SOURCE_ROOT; };
		C7574F762351FED100358397 /* LunarServiceRelease.entitlements */ = {isa = PBXFileReference; lastKnownFileType = text.plist.entitlements; path = LunarServiceRelease.entitlements; sourceTree = "<group>"; };
		C7574F772351FF5700358397 /* LunarRelease.entitlements */ = {isa = PBXFileReference; lastKnownFileType = text.plist.entitlements; path = LunarRelease.entitlements; sourceTree = "<group>"; };
		C7574F802354691700358397 /* gencode.sh */ = {isa = PBXFileReference; fileEncoding = 4; lastKnownFileType = text.script.sh; path = gencode.sh; sourceTree = "<group>"; };
		C7574F812354691700358397 /* buildscript.sh */ = {isa = PBXFileReference; fileEncoding = 4; lastKnownFileType = text.script.sh; path = buildscript.sh; sourceTree = "<group>"; };
		C76A129B20D795A7005D4BE3 /* ModernWindow.swift */ = {isa = PBXFileReference; lastKnownFileType = sourcecode.swift; path = ModernWindow.swift; sourceTree = "<group>"; };
		C76A129D20D8084E005D4BE3 /* NumberFormatter.swift */ = {isa = PBXFileReference; lastKnownFileType = sourcecode.swift; path = NumberFormatter.swift; sourceTree = "<group>"; };
		C76A129F20D8DDAD005D4BE3 /* BrightnessContrastChartView.swift */ = {isa = PBXFileReference; lastKnownFileType = sourcecode.swift; path = BrightnessContrastChartView.swift; sourceTree = "<group>"; };
		C77200021FF072CB0078E155 /* ScrollableBrightness.swift */ = {isa = PBXFileReference; lastKnownFileType = sourcecode.swift; path = ScrollableBrightness.swift; sourceTree = "<group>"; };
		C7789ADF1FF9029700D326A8 /* ScrollableContrast.swift */ = {isa = PBXFileReference; lastKnownFileType = sourcecode.swift; path = ScrollableContrast.swift; sourceTree = "<group>"; };
		C77CC7541FED5501009AA718 /* SplitViewController.swift */ = {isa = PBXFileReference; lastKnownFileType = sourcecode.swift; path = SplitViewController.swift; sourceTree = "<group>"; };
		C77CC7581FED9ECE009AA718 /* DisplayViewController.swift */ = {isa = PBXFileReference; lastKnownFileType = sourcecode.swift; path = DisplayViewController.swift; sourceTree = "<group>"; };
		C77CC75B1FEDB3A3009AA718 /* DisplayView.swift */ = {isa = PBXFileReference; lastKnownFileType = sourcecode.swift; path = DisplayView.swift; sourceTree = "<group>"; };
		C78AB66620F0C73900863CB1 /* Logger.swift */ = {isa = PBXFileReference; lastKnownFileType = sourcecode.swift; path = Logger.swift; sourceTree = "<group>"; };
		C78B921D237ECDCC0060DC7C /* Sentry.framework */ = {isa = PBXFileReference; lastKnownFileType = wrapper.framework; path = Sentry.framework; sourceTree = "<group>"; };
		C78B921F237ECDCD0060DC7C /* Sentry.framework.dSYM */ = {isa = PBXFileReference; lastKnownFileType = wrapper.dsym; path = Sentry.framework.dSYM; sourceTree = "<group>"; };
		C79224172360BA030037B559 /* Sparkle.framework */ = {isa = PBXFileReference; lastKnownFileType = wrapper.framework; path = Sparkle.framework; sourceTree = "<group>"; };
		C792241A2360BA120037B559 /* org.sparkle-project.InstallerLauncher.xpc */ = {isa = PBXFileReference; lastKnownFileType = "wrapper.xpc-service"; name = "org.sparkle-project.InstallerLauncher.xpc"; path = "XPCServices/org.sparkle-project.InstallerLauncher.xpc"; sourceTree = "<group>"; };
		C792241B2360BA120037B559 /* org.sparkle-project.InstallerStatus.xpc */ = {isa = PBXFileReference; lastKnownFileType = "wrapper.xpc-service"; name = "org.sparkle-project.InstallerStatus.xpc"; path = "XPCServices/org.sparkle-project.InstallerStatus.xpc"; sourceTree = "<group>"; };
		C792241C2360BA120037B559 /* org.sparkle-project.InstallerConnection.xpc */ = {isa = PBXFileReference; lastKnownFileType = "wrapper.xpc-service"; name = "org.sparkle-project.InstallerConnection.xpc"; path = "XPCServices/org.sparkle-project.InstallerConnection.xpc"; sourceTree = "<group>"; };
		C794E1631FEE84DF00549462 /* ToggleButton.swift */ = {isa = PBXFileReference; lastKnownFileType = sourcecode.swift; path = ToggleButton.swift; sourceTree = "<group>"; };
		C794E1731FEFE31A00549462 /* ScrollableTextField.swift */ = {isa = PBXFileReference; lastKnownFileType = sourcecode.swift; path = ScrollableTextField.swift; sourceTree = "<group>"; };
		C7A2574120EA249B003B3A84 /* dsa_pub.pem */ = {isa = PBXFileReference; lastKnownFileType = text; name = dsa_pub.pem; path = Lunar/Resources/dsa_pub.pem; sourceTree = "<group>"; };
		C7A2BDD9223FC8D100C910E3 /* Surge.framework */ = {isa = PBXFileReference; lastKnownFileType = wrapper.framework; path = Surge.framework; sourceTree = "<group>"; };
		C7A2BDDF22411E9300C910E3 /* Charts.framework.dSYM */ = {isa = PBXFileReference; lastKnownFileType = wrapper.dsym; path = Charts.framework.dSYM; sourceTree = "<group>"; };
		C7A2BDE022411E9300C910E3 /* SwiftyJSON.framework.dSYM */ = {isa = PBXFileReference; lastKnownFileType = wrapper.dsym; path = SwiftyJSON.framework.dSYM; sourceTree = "<group>"; };
		C7A2BDE122411E9400C910E3 /* KeyHolder.framework.dSYM */ = {isa = PBXFileReference; lastKnownFileType = wrapper.dsym; path = KeyHolder.framework.dSYM; sourceTree = "<group>"; };
		C7A2BDE222411E9400C910E3 /* Solar.framework.dSYM */ = {isa = PBXFileReference; lastKnownFileType = wrapper.dsym; path = Solar.framework.dSYM; sourceTree = "<group>"; };
		C7A2BDE322411E9400C910E3 /* WAYWindow.framework.dSYM */ = {isa = PBXFileReference; lastKnownFileType = wrapper.dsym; path = WAYWindow.framework.dSYM; sourceTree = "<group>"; };
		C7A2BDE422411E9400C910E3 /* Surge.framework.dSYM */ = {isa = PBXFileReference; lastKnownFileType = wrapper.dsym; path = Surge.framework.dSYM; sourceTree = "<group>"; };
		C7A2BDE622411E9400C910E3 /* Magnet.framework.dSYM */ = {isa = PBXFileReference; lastKnownFileType = wrapper.dsym; path = Magnet.framework.dSYM; sourceTree = "<group>"; };
		C7A2BDE722411E9400C910E3 /* SwiftDate.framework.dSYM */ = {isa = PBXFileReference; lastKnownFileType = wrapper.dsym; path = SwiftDate.framework.dSYM; sourceTree = "<group>"; };
		C7A2BDE822411E9500C910E3 /* SwiftyBeaver.framework.dSYM */ = {isa = PBXFileReference; lastKnownFileType = wrapper.dsym; path = SwiftyBeaver.framework.dSYM; sourceTree = "<group>"; };
		C7A2BDEA22411E9500C910E3 /* NSPageControl.framework.dSYM */ = {isa = PBXFileReference; lastKnownFileType = wrapper.dsym; path = NSPageControl.framework.dSYM; sourceTree = "<group>"; };
		C7A2BDEB22411E9500C910E3 /* Alamofire.framework.dSYM */ = {isa = PBXFileReference; lastKnownFileType = wrapper.dsym; path = Alamofire.framework.dSYM; sourceTree = "<group>"; };
		C7A63204238C04C10005D792 /* MenuPopoverController.swift */ = {isa = PBXFileReference; lastKnownFileType = sourcecode.swift; path = MenuPopoverController.swift; sourceTree = "<group>"; };
		C7AB59762396C4A80028E573 /* Transformers.swift */ = {isa = PBXFileReference; fileEncoding = 4; lastKnownFileType = sourcecode.swift; path = Transformers.swift; sourceTree = "<group>"; };
		C7AEC7F51FD0B4350039B562 /* Lunar.app */ = {isa = PBXFileReference; explicitFileType = wrapper.application; includeInIndex = 0; path = Lunar.app; sourceTree = BUILT_PRODUCTS_DIR; };
		C7AEC7F81FD0B4350039B562 /* AppDelegate.swift */ = {isa = PBXFileReference; lastKnownFileType = sourcecode.swift; path = AppDelegate.swift; sourceTree = "<group>"; };
		C7AEC7FA1FD0B4350039B562 /* PageController.swift */ = {isa = PBXFileReference; lastKnownFileType = sourcecode.swift; path = PageController.swift; sourceTree = "<group>"; };
		C7AEC7FC1FD0B4350039B562 /* Assets.xcassets */ = {isa = PBXFileReference; lastKnownFileType = folder.assetcatalog; path = Assets.xcassets; sourceTree = "<group>"; };
		C7AEC7FF1FD0B4350039B562 /* Base */ = {isa = PBXFileReference; lastKnownFileType = file.storyboard; name = Base; path = Base.lproj/Main.storyboard; sourceTree = "<group>"; };
		C7AEC8011FD0B4350039B562 /* Info.plist */ = {isa = PBXFileReference; lastKnownFileType = text.plist.xml; path = Info.plist; sourceTree = "<group>"; };
		C7B6EA0F201B41C10090EE0E /* Theme.swift */ = {isa = PBXFileReference; lastKnownFileType = sourcecode.swift; path = Theme.swift; sourceTree = "<group>"; };
		C7BEF9D52399550F00F3DC93 /* NotConnectedTextField.swift */ = {isa = PBXFileReference; fileEncoding = 4; lastKnownFileType = sourcecode.swift; path = NotConnectedTextField.swift; sourceTree = "<group>"; };
		C7C16320208503B000C7EA8F /* ConfigurationViewController.swift */ = {isa = PBXFileReference; lastKnownFileType = sourcecode.swift; path = ConfigurationViewController.swift; sourceTree = "<group>"; };
		C7C1F7001FD5D2C10039507C /* ModernWindowController.swift */ = {isa = PBXFileReference; lastKnownFileType = sourcecode.swift; path = ModernWindowController.swift; sourceTree = "<group>"; };
		C7C1F7021FD5FD390039507C /* Display.swift */ = {isa = PBXFileReference; lastKnownFileType = sourcecode.swift; path = Display.swift; sourceTree = "<group>"; };
		C7C1F7041FD635360039507C /* Moment.swift */ = {isa = PBXFileReference; lastKnownFileType = sourcecode.swift; path = Moment.swift; sourceTree = "<group>"; };
		C7C1F7061FD6354C0039507C /* Geolocation.swift */ = {isa = PBXFileReference; lastKnownFileType = sourcecode.swift; path = Geolocation.swift; sourceTree = "<group>"; };
		C7C1F7081FD639970039507C /* DataStore.swift */ = {isa = PBXFileReference; lastKnownFileType = sourcecode.swift; path = DataStore.swift; sourceTree = "<group>"; };
		C7C68F08201B75C700F49A2B /* DeleteButton.swift */ = {isa = PBXFileReference; lastKnownFileType = sourcecode.swift; path = DeleteButton.swift; sourceTree = "<group>"; };
		C7C68F0A201D356800F49A2B /* SettingsViewController.swift */ = {isa = PBXFileReference; lastKnownFileType = sourcecode.swift; path = SettingsViewController.swift; sourceTree = "<group>"; };
		C7C68F0C201D3D9800F49A2B /* SettingsView.swift */ = {isa = PBXFileReference; lastKnownFileType = sourcecode.swift; path = SettingsView.swift; sourceTree = "<group>"; };
		C7CBEFF3238C147800031E93 /* StatusItemButtonController.swift */ = {isa = PBXFileReference; lastKnownFileType = sourcecode.swift; path = StatusItemButtonController.swift; sourceTree = "<group>"; };
		C7CBEFF6238C47D600031E93 /* DisplayValuesView.swift */ = {isa = PBXFileReference; fileEncoding = 4; lastKnownFileType = sourcecode.swift; path = DisplayValuesView.swift; sourceTree = "<group>"; };
		C7CBEFFC238E81FF00031E93 /* Util.swift */ = {isa = PBXFileReference; fileEncoding = 4; lastKnownFileType = sourcecode.swift; path = Util.swift; sourceTree = "<group>"; };
		C7CBF009238EC8DC00031E93 /* Sparkle.framework.dSYM */ = {isa = PBXFileReference; lastKnownFileType = wrapper.dsym; path = Sparkle.framework.dSYM; sourceTree = "<group>"; };
		C7CBF011238EDDFE00031E93 /* CoreDisplay.framework */ = {isa = PBXFileReference; lastKnownFileType = wrapper.framework; name = CoreDisplay.framework; path = /System/Library/Frameworks/CoreDisplay.framework; sourceTree = "<absolute>"; };
		C7CFEA121FD376E6000AC4A6 /* LunarService.app */ = {isa = PBXFileReference; explicitFileType = wrapper.application; includeInIndex = 0; path = LunarService.app; sourceTree = BUILT_PRODUCTS_DIR; };
		C7CFEA141FD376E6000AC4A6 /* AppDelegate.swift */ = {isa = PBXFileReference; lastKnownFileType = sourcecode.swift; path = AppDelegate.swift; sourceTree = "<group>"; };
		C7CFEA181FD376E6000AC4A6 /* Assets.xcassets */ = {isa = PBXFileReference; lastKnownFileType = folder.assetcatalog; path = Assets.xcassets; sourceTree = "<group>"; };
		C7CFEA1B1FD376E6000AC4A6 /* Base */ = {isa = PBXFileReference; lastKnownFileType = file.storyboard; name = Base; path = Base.lproj/Main.storyboard; sourceTree = "<group>"; };
		C7CFEA1D1FD376E6000AC4A6 /* Info.plist */ = {isa = PBXFileReference; lastKnownFileType = text.plist.xml; path = Info.plist; sourceTree = "<group>"; };
		C7CFEA251FD3787C000AC4A6 /* ServiceManagement.framework */ = {isa = PBXFileReference; lastKnownFileType = wrapper.framework; name = ServiceManagement.framework; path = System/Library/Frameworks/ServiceManagement.framework; sourceTree = SDKROOT; };
		C7DE9390201A40B00017F965 /* ScrollableTextFieldCaption.swift */ = {isa = PBXFileReference; lastKnownFileType = sourcecode.swift; path = ScrollableTextFieldCaption.swift; sourceTree = "<group>"; };
		C7E242642119A65B0020326C /* LockButton.swift */ = {isa = PBXFileReference; lastKnownFileType = sourcecode.swift; path = LockButton.swift; sourceTree = "<group>"; };
		C7E4747320CD5C1400B662A9 /* RemoveAppButton.swift */ = {isa = PBXFileReference; lastKnownFileType = sourcecode.swift; path = RemoveAppButton.swift; sourceTree = "<group>"; };
		C7FE725323904AE500EBA6DA /* QuickAdaptiveButton.swift */ = {isa = PBXFileReference; fileEncoding = 4; lastKnownFileType = sourcecode.swift; path = QuickAdaptiveButton.swift; sourceTree = "<group>"; };
		FR_234235089941 /* Secrets.generated.swift */ = {isa = PBXFileReference; explicitFileType = sourcecode.swift; path = Secrets.generated.swift; sourceTree = "<group>"; };
/* End PBXFileReference section */

/* Begin PBXFrameworksBuildPhase section */
		C7AEC7F21FD0B4350039B562 /* Frameworks */ = {
			isa = PBXFrameworksBuildPhase;
			buildActionMask = 2147483647;
			files = (
				C7FE724F238EDFB100EBA6DA /* CoreDisplay.framework in Frameworks */,
				C7574F782352019700358397 /* ServiceManagement.framework in Frameworks */,
				C79224182360BA030037B559 /* Sparkle.framework in Frameworks */,
				C75083502222865F0020270E /* SwiftyBeaver.framework in Frameworks */,
				C75083422222865F0020270E /* Charts.framework in Frameworks */,
				C731261322B3DF0A001ED199 /* Down.framework in Frameworks */,
				C750834C2222865F0020270E /* SwiftyJSON.framework in Frameworks */,
				C75083522222865F0020270E /* Magnet.framework in Frameworks */,
				C750834A2222865F0020270E /* SwiftDate.framework in Frameworks */,
				C750834E2222865F0020270E /* KeyHolder.framework in Frameworks */,
				C75083442222865F0020270E /* Alamofire.framework in Frameworks */,
				C7FE72572391B3BC00EBA6DA /* CryptorECC in Frameworks */,
				C78B9220237ECDDA0060DC7C /* Sentry.framework in Frameworks */,
				C75083542222865F0020270E /* NSPageControl.framework in Frameworks */,
				C7A2BDDA223FC8D100C910E3 /* Surge.framework in Frameworks */,
				C75083462222865F0020270E /* Solar.framework in Frameworks */,
				C75083402222865F0020270E /* WAYWindow.framework in Frameworks */,
			);
			runOnlyForDeploymentPostprocessing = 0;
		};
		C7CFEA0F1FD376E6000AC4A6 /* Frameworks */ = {
			isa = PBXFrameworksBuildPhase;
			buildActionMask = 2147483647;
			files = (
			);
			runOnlyForDeploymentPostprocessing = 0;
		};
/* End PBXFrameworksBuildPhase section */

/* Begin PBXGroup section */
		C7151936224E33590024C6F6 /* Products */ = {
			isa = PBXGroup;
			children = (
				C715193A224E335A0024C6F6 /* EDIDReader */,
			);
			name = Products;
			sourceTree = "<group>";
		};
		C7151945224E34BA0024C6F6 /* DDC */ = {
			isa = PBXGroup;
			children = (
				C7151943224E34BA0024C6F6 /* Lunar-Bridging-Header.h */,
				C7151944224E34BA0024C6F6 /* DDC.swift */,
			);
			path = DDC;
			sourceTree = "<group>";
		};
		C7574F7F235468EE00358397 /* Scripts */ = {
			isa = PBXGroup;
			children = (
				C7574F812354691700358397 /* buildscript.sh */,
				C7574F802354691700358397 /* gencode.sh */,
			);
			name = Scripts;
			sourceTree = "<group>";
		};
		C76545231FD8A0E000DBACE9 /* Data */ = {
			isa = PBXGroup;
			children = (
				C7AB59762396C4A80028E573 /* Transformers.swift */,
				C7CBEFFC238E81FF00031E93 /* Util.swift */,
				C7C1F7081FD639970039507C /* DataStore.swift */,
				C7C1F7041FD635360039507C /* Moment.swift */,
				C7C1F7061FD6354C0039507C /* Geolocation.swift */,
				C7C1F7021FD5FD390039507C /* Display.swift */,
				C7B6EA0F201B41C10090EE0E /* Theme.swift */,
				C72776EC201F26CB0055934F /* AppException.swift */,
				C76A129D20D8084E005D4BE3 /* NumberFormatter.swift */,
				C78AB66620F0C73900863CB1 /* Logger.swift */,
				C73AAC4A22241B690063AD2A /* Hotkeys.swift */,
			);
			path = Data;
			sourceTree = "<group>";
		};
		C76545241FD8A10200DBACE9 /* Controllers */ = {
			isa = PBXGroup;
			children = (
				C7CBEFF3238C147800031E93 /* StatusItemButtonController.swift */,
				C7AEC7FA1FD0B4350039B562 /* PageController.swift */,
				C7C1F7001FD5D2C10039507C /* ModernWindowController.swift */,
				C77CC7541FED5501009AA718 /* SplitViewController.swift */,
				C77CC7581FED9ECE009AA718 /* DisplayViewController.swift */,
				C7C68F0A201D356800F49A2B /* SettingsViewController.swift */,
				C72776EA201F1DE50055934F /* ExceptionsViewController.swift */,
				C7C16320208503B000C7EA8F /* ConfigurationViewController.swift */,
				C749B33F20DB9D2C0086AF97 /* SettingsPageController.swift */,
				C75083612222DC3C0020270E /* HotKeyViewController.swift */,
				C731260E22B3A9CD001ED199 /* HelpPopoverController.swift */,
				C7A63204238C04C10005D792 /* MenuPopoverController.swift */,
			);
			path = Controllers;
			sourceTree = "<group>";
		};
		C77CC75A1FEDB367009AA718 /* Views */ = {
			isa = PBXGroup;
			children = (
				C7BEF9D52399550F00F3DC93 /* NotConnectedTextField.swift */,
				C7FE725323904AE500EBA6DA /* QuickAdaptiveButton.swift */,
				C7CBEFF6238C47D600031E93 /* DisplayValuesView.swift */,
				C72776E6201F02140055934F /* PageControl.swift */,
				C77CC75B1FEDB3A3009AA718 /* DisplayView.swift */,
				C794E1631FEE84DF00549462 /* ToggleButton.swift */,
				C794E1731FEFE31A00549462 /* ScrollableTextField.swift */,
				C77200021FF072CB0078E155 /* ScrollableBrightness.swift */,
				C7789ADF1FF9029700D326A8 /* ScrollableContrast.swift */,
				C7DE9390201A40B00017F965 /* ScrollableTextFieldCaption.swift */,
				C7C68F08201B75C700F49A2B /* DeleteButton.swift */,
				C7C68F0C201D3D9800F49A2B /* SettingsView.swift */,
				C72776E8201F1BED0055934F /* ExceptionsView.swift */,
				C7E4747320CD5C1400B662A9 /* RemoveAppButton.swift */,
				C76A129B20D795A7005D4BE3 /* ModernWindow.swift */,
				C76A129F20D8DDAD005D4BE3 /* BrightnessContrastChartView.swift */,
				C7E242642119A65B0020326C /* LockButton.swift */,
				C75083632222DC9F0020270E /* HotKeyView.swift */,
				C728D7EC2296D81B003CAD65 /* TextButton.swift */,
				C731260B22B38899001ED199 /* HelpButton.swift */,
			);
			path = Views;
			sourceTree = "<group>";
		};
		C7AEC7EC1FD0B4350039B562 = {
			isa = PBXGroup;
			children = (
				C7574F7F235468EE00358397 /* Scripts */,
				C7A2574120EA249B003B3A84 /* dsa_pub.pem */,
				C7151935224E33590024C6F6 /* EDIDReader.xcodeproj */,
				C7CFEA241FD3787B000AC4A6 /* Frameworks */,
				C7AEC7F71FD0B4350039B562 /* Lunar */,
				C7CFEA131FD376E6000AC4A6 /* LunarService */,
				C7AEC7F61FD0B4350039B562 /* Products */,
			);
			sourceTree = "<group>";
		};
		C7AEC7F61FD0B4350039B562 /* Products */ = {
			isa = PBXGroup;
			children = (
				C7AEC7F51FD0B4350039B562 /* Lunar.app */,
				C7CFEA121FD376E6000AC4A6 /* LunarService.app */,
			);
			name = Products;
			sourceTree = "<group>";
		};
		C7AEC7F71FD0B4350039B562 /* Lunar */ = {
			isa = PBXGroup;
			children = (
				C7574F772351FF5700358397 /* LunarRelease.entitlements */,
				C77CC75A1FEDB367009AA718 /* Views */,
				C76545241FD8A10200DBACE9 /* Controllers */,
				C7151945224E34BA0024C6F6 /* DDC */,
				C7151941224E34BA0024C6F6 /* DDC.h */,
				C7521D32226C762A0062EC81 /* DDC.c */,
				C76545231FD8A0E000DBACE9 /* Data */,
				C7AEC7FC1FD0B4350039B562 /* Assets.xcassets */,
				C7AEC8011FD0B4350039B562 /* Info.plist */,
				C7AEC7FE1FD0B4350039B562 /* Main.storyboard */,
				C7AEC7F81FD0B4350039B562 /* AppDelegate.swift */,
				C7520C071FD20CC200756F82 /* BrightnessAdapter.swift */,
				G_5197027794336 /* Generated */,
			);
			path = Lunar;
			sourceTree = "<group>";
		};
		C7CFEA131FD376E6000AC4A6 /* LunarService */ = {
			isa = PBXGroup;
			children = (
				C7574F762351FED100358397 /* LunarServiceRelease.entitlements */,
				C7CFEA141FD376E6000AC4A6 /* AppDelegate.swift */,
				C7CFEA181FD376E6000AC4A6 /* Assets.xcassets */,
				C7CFEA1A1FD376E6000AC4A6 /* Main.storyboard */,
				C7CFEA1D1FD376E6000AC4A6 /* Info.plist */,
			);
			path = LunarService;
			sourceTree = "<group>";
		};
		C7CFEA241FD3787B000AC4A6 /* Frameworks */ = {
			isa = PBXGroup;
			children = (
				C7CBF011238EDDFE00031E93 /* CoreDisplay.framework */,
				C7CBF009238EC8DC00031E93 /* Sparkle.framework.dSYM */,
				C78B921D237ECDCC0060DC7C /* Sentry.framework */,
				C78B921F237ECDCD0060DC7C /* Sentry.framework.dSYM */,
				C792241C2360BA120037B559 /* org.sparkle-project.InstallerConnection.xpc */,
				C792241A2360BA120037B559 /* org.sparkle-project.InstallerLauncher.xpc */,
				C792241B2360BA120037B559 /* org.sparkle-project.InstallerStatus.xpc */,
				C79224172360BA030037B559 /* Sparkle.framework */,
				C731261522B3DF1E001ED199 /* Down.framework.dSYM */,
				C7A2BDEB22411E9500C910E3 /* Alamofire.framework.dSYM */,
				C7A2BDDF22411E9300C910E3 /* Charts.framework.dSYM */,
				C7A2BDE122411E9400C910E3 /* KeyHolder.framework.dSYM */,
				C7A2BDE622411E9400C910E3 /* Magnet.framework.dSYM */,
				C7A2BDEA22411E9500C910E3 /* NSPageControl.framework.dSYM */,
				C7A2BDE222411E9400C910E3 /* Solar.framework.dSYM */,
				C7A2BDE422411E9400C910E3 /* Surge.framework.dSYM */,
				C7A2BDE722411E9400C910E3 /* SwiftDate.framework.dSYM */,
				C7A2BDE822411E9500C910E3 /* SwiftyBeaver.framework.dSYM */,
				C7A2BDE022411E9300C910E3 /* SwiftyJSON.framework.dSYM */,
				C7A2BDE322411E9400C910E3 /* WAYWindow.framework.dSYM */,
				C731261222B3DF0A001ED199 /* Down.framework */,
				C75083362222865D0020270E /* Alamofire.framework */,
				C75083352222865D0020270E /* Charts.framework */,
				C750833B2222865E0020270E /* KeyHolder.framework */,
				C750833D2222865E0020270E /* Magnet.framework */,
				C750833E2222865E0020270E /* NSPageControl.framework */,
				C75083372222865E0020270E /* Solar.framework */,
				C7A2BDD9223FC8D100C910E3 /* Surge.framework */,
				C75083392222865E0020270E /* SwiftDate.framework */,
				C750833C2222865E0020270E /* SwiftyBeaver.framework */,
				C750833A2222865E0020270E /* SwiftyJSON.framework */,
				C75083342222865D0020270E /* WAYWindow.framework */,
				C735DD791FD5C04D00FBD16F /* AppKit.framework */,
				C7CFEA251FD3787C000AC4A6 /* ServiceManagement.framework */,
			);
			path = Frameworks;
			sourceTree = "<group>";
		};
		G_5197027794336 /* Generated */ = {
			isa = PBXGroup;
			children = (
				FR_234235089941 /* Secrets.generated.swift */,
			);
			path = Generated;
			sourceTree = "<group>";
		};
/* End PBXGroup section */

/* Begin PBXNativeTarget section */
		C7AEC7F41FD0B4350039B562 /* Lunar */ = {
			isa = PBXNativeTarget;
			buildConfigurationList = C7AEC81B1FD0B4350039B562 /* Build configuration list for PBXNativeTarget "Lunar" */;
			buildPhases = (
				C7574F84235469D600358397 /* ShellScript */,
				C7AEC7F11FD0B4350039B562 /* Sources */,
				C7AEC7F21FD0B4350039B562 /* Frameworks */,
				C7AEC7F31FD0B4350039B562 /* Resources */,
				C7CFEA221FD37836000AC4A6 /* Copy Files */,
				C75083582222865F0020270E /* Embed Frameworks */,
				C7A2BDDE22411E2400C910E3 /* CopyFiles */,
				C79224202360BA120037B559 /* Embed XPC Services */,
				C78B9223237ED34E0060DC7C /* Run Script */,
			);
			buildRules = (
			);
			dependencies = (
				C7574F7D2352175700358397 /* PBXTargetDependency */,
			);
			name = Lunar;
			packageProductDependencies = (
				C7FE72562391B3BC00EBA6DA /* CryptorECC */,
			);
			productName = Lunar;
			productReference = C7AEC7F51FD0B4350039B562 /* Lunar.app */;
			productType = "com.apple.product-type.application";
		};
		C7CFEA111FD376E6000AC4A6 /* LunarService */ = {
			isa = PBXNativeTarget;
			buildConfigurationList = C7CFEA211FD376E6000AC4A6 /* Build configuration list for PBXNativeTarget "LunarService" */;
			buildPhases = (
				C7CFEA0E1FD376E6000AC4A6 /* Sources */,
				C7CFEA0F1FD376E6000AC4A6 /* Frameworks */,
				C7CFEA101FD376E6000AC4A6 /* Resources */,
				C7CFEA291FD37AF3000AC4A6 /* Embed Frameworks */,
			);
			buildRules = (
			);
			dependencies = (
			);
			name = LunarService;
			productName = LunarService;
			productReference = C7CFEA121FD376E6000AC4A6 /* LunarService.app */;
			productType = "com.apple.product-type.application";
		};
/* End PBXNativeTarget section */

/* Begin PBXProject section */
		C7AEC7ED1FD0B4350039B562 /* Project object */ = {
			isa = PBXProject;
			attributes = {
				LastSwiftUpdateCheck = 0910;
				LastUpgradeCheck = 1120;
				ORGANIZATIONNAME = Alin;
				TargetAttributes = {
					C7AEC7F41FD0B4350039B562 = {
						CreatedOnToolsVersion = 9.1;
						LastSwiftMigration = 1020;
						SystemCapabilities = {
							com.apple.Sandbox = {
								enabled = 0;
							};
						};
					};
					C7CFEA111FD376E6000AC4A6 = {
						CreatedOnToolsVersion = 9.1;
						LastSwiftMigration = 1020;
						SystemCapabilities = {
							com.apple.Sandbox = {
								enabled = 0;
							};
						};
					};
				};
			};
			buildConfigurationList = C7AEC7F01FD0B4350039B562 /* Build configuration list for PBXProject "Lunar" */;
			compatibilityVersion = "Xcode 11.0";
			developmentRegion = en;
			hasScannedForEncodings = 0;
			knownRegions = (
				en,
				Base,
			);
			mainGroup = C7AEC7EC1FD0B4350039B562;
			packageReferences = (
				C7FE72552391B3BC00EBA6DA /* XCRemoteSwiftPackageReference "BlueECC" */,
			);
			productRefGroup = C7AEC7F61FD0B4350039B562 /* Products */;
			projectDirPath = "";
			projectReferences = (
				{
					ProductGroup = C7151936224E33590024C6F6 /* Products */;
					ProjectRef = C7151935224E33590024C6F6 /* EDIDReader.xcodeproj */;
				},
			);
			projectRoot = "";
			targets = (
				C7AEC7F41FD0B4350039B562 /* Lunar */,
				C7CFEA111FD376E6000AC4A6 /* LunarService */,
			);
		};
/* End PBXProject section */

/* Begin PBXReferenceProxy section */
		C715193A224E335A0024C6F6 /* EDIDReader */ = {
			isa = PBXReferenceProxy;
			fileType = "compiled.mach-o.executable";
			path = EDIDReader;
			remoteRef = C7151939224E335A0024C6F6 /* PBXContainerItemProxy */;
			sourceTree = BUILT_PRODUCTS_DIR;
		};
/* End PBXReferenceProxy section */

/* Begin PBXResourcesBuildPhase section */
		C7AEC7F31FD0B4350039B562 /* Resources */ = {
			isa = PBXResourcesBuildPhase;
			buildActionMask = 2147483647;
			files = (
				C7AEC7FD1FD0B4350039B562 /* Assets.xcassets in Resources */,
				C7AEC8001FD0B4350039B562 /* Main.storyboard in Resources */,
				C7CBF00A238EC8DC00031E93 /* Sparkle.framework.dSYM in Resources */,
				C7A2574220EA249B003B3A84 /* dsa_pub.pem in Resources */,
			);
			runOnlyForDeploymentPostprocessing = 0;
		};
		C7CFEA101FD376E6000AC4A6 /* Resources */ = {
			isa = PBXResourcesBuildPhase;
			buildActionMask = 2147483647;
			files = (
				C7CFEA191FD376E6000AC4A6 /* Assets.xcassets in Resources */,
				C7CFEA1C1FD376E6000AC4A6 /* Main.storyboard in Resources */,
			);
			runOnlyForDeploymentPostprocessing = 0;
		};
/* End PBXResourcesBuildPhase section */

/* Begin PBXShellScriptBuildPhase section */
		C7574F84235469D600358397 /* ShellScript */ = {
			isa = PBXShellScriptBuildPhase;
			buildActionMask = 2147483647;
			files = (
			);
			inputFileListPaths = (
			);
			inputPaths = (
			);
			outputFileListPaths = (
			);
			outputPaths = (
			);
			runOnlyForDeploymentPostprocessing = 0;
			shellPath = /bin/sh;
			shellScript = "# Type a script or drag a script file from your workspace to insert its path.\n\n./gencode.sh\n\nif [[ $CONFIGURATION == \"Release\" ]]; then\n    ./bin/codesign_embedded_executable \"$EXPANDED_CODE_SIGN_IDENTITY_NAME\" Frameworks/XPCServices/*.xpc\n    ./bin/codesign_embedded_executable \"$EXPANDED_CODE_SIGN_IDENTITY_NAME\" Frameworks/Sparkle.framework/Versions/A/Resources/Autoupdate\n    ./bin/codesign_embedded_executable \"$EXPANDED_CODE_SIGN_IDENTITY_NAME\" Frameworks/Sparkle.framework/Versions/A/Resources/Updater.app/\nfi\n";
		};
		C78B9223237ED34E0060DC7C /* Run Script */ = {
			isa = PBXShellScriptBuildPhase;
			buildActionMask = 2147483647;
			files = (
			);
			inputFileListPaths = (
			);
			inputPaths = (
				"${DWARF_DSYM_FOLDER_PATH}/${DWARF_DSYM_FILE_NAME}/Contents/Resources/DWARF/${TARGET_NAME}",
			);
			name = "Run Script";
			outputFileListPaths = (
			);
			outputPaths = (
			);
			runOnlyForDeploymentPostprocessing = 0;
			shellPath = /bin/sh;
			shellScript = "# Type a script or drag a script file from your workspace to insert its path.\nif [[ $CONFIGURATION == \"Release\" ]]; then\n    ./buildscript.sh\n    \n    ./pack\nfi\n";
		};
/* End PBXShellScriptBuildPhase section */

/* Begin PBXSourcesBuildPhase section */
		C7AEC7F11FD0B4350039B562 /* Sources */ = {
			isa = PBXSourcesBuildPhase;
			buildActionMask = 2147483647;
			files = (
				C7521D37226C77510062EC81 /* DDC.swift in Sources */,
				C7521D34226C762B0062EC81 /* DDC.c in Sources */,
				C7AEC7FB1FD0B4350039B562 /* PageController.swift in Sources */,
				C7BEF9D62399550F00F3DC93 /* NotConnectedTextField.swift in Sources */,
				C7C68F0D201D3D9800F49A2B /* SettingsView.swift in Sources */,
				C72776E7201F02140055934F /* PageControl.swift in Sources */,
				C7C1F7031FD5FD390039507C /* Display.swift in Sources */,
				C77CC7551FED5501009AA718 /* SplitViewController.swift in Sources */,
				C7C1F7091FD639970039507C /* DataStore.swift in Sources */,
				C794E1741FEFE31A00549462 /* ScrollableTextField.swift in Sources */,
				C7E242652119A65B0020326C /* LockButton.swift in Sources */,
				C7FE725423904AE500EBA6DA /* QuickAdaptiveButton.swift in Sources */,
				C72776EB201F1DE50055934F /* ExceptionsViewController.swift in Sources */,
				C7520C081FD20CC200756F82 /* BrightnessAdapter.swift in Sources */,
				C7789AE01FF9029700D326A8 /* ScrollableContrast.swift in Sources */,
				C73AAC4B22241B690063AD2A /* Hotkeys.swift in Sources */,
				C749B34020DB9D2C0086AF97 /* SettingsPageController.swift in Sources */,
				C72776ED201F26CB0055934F /* AppException.swift in Sources */,
				C7CBEFF7238C47D600031E93 /* DisplayValuesView.swift in Sources */,
				C7DE9391201A40B00017F965 /* ScrollableTextFieldCaption.swift in Sources */,
				C794E1641FEE84DF00549462 /* ToggleButton.swift in Sources */,
				C7C68F09201B75C700F49A2B /* DeleteButton.swift in Sources */,
				C76A12A020D8DDAD005D4BE3 /* BrightnessContrastChartView.swift in Sources */,
				C731260F22B3A9CD001ED199 /* HelpPopoverController.swift in Sources */,
				C77CC75C1FEDB3A3009AA718 /* DisplayView.swift in Sources */,
				C7C68F0B201D356800F49A2B /* SettingsViewController.swift in Sources */,
				C77CC7591FED9ECE009AA718 /* DisplayViewController.swift in Sources */,
				C7E4747420CD5C1400B662A9 /* RemoveAppButton.swift in Sources */,
				C7A63205238C04C10005D792 /* MenuPopoverController.swift in Sources */,
				C731260C22B38899001ED199 /* HelpButton.swift in Sources */,
				C77200031FF072CB0078E155 /* ScrollableBrightness.swift in Sources */,
				C7C1F7011FD5D2C10039507C /* ModernWindowController.swift in Sources */,
				C75083642222DC9F0020270E /* HotKeyView.swift in Sources */,
				C78AB66720F0C73900863CB1 /* Logger.swift in Sources */,
				C7AB59782396C4A90028E573 /* Transformers.swift in Sources */,
				C7CBEFF4238C147800031E93 /* StatusItemButtonController.swift in Sources */,
				C76A129E20D8084E005D4BE3 /* NumberFormatter.swift in Sources */,
				C7AEC7F91FD0B4350039B562 /* AppDelegate.swift in Sources */,
				C76A129C20D795A7005D4BE3 /* ModernWindow.swift in Sources */,
				C7CBEFFD238E81FF00031E93 /* Util.swift in Sources */,
				C7B6EA10201B41C10090EE0E /* Theme.swift in Sources */,
				C72776E9201F1BED0055934F /* ExceptionsView.swift in Sources */,
				C75083622222DC3C0020270E /* HotKeyViewController.swift in Sources */,
				C7C16321208503B000C7EA8F /* ConfigurationViewController.swift in Sources */,
				C728D7ED2296D81B003CAD65 /* TextButton.swift in Sources */,
				C7C1F7071FD6354C0039507C /* Geolocation.swift in Sources */,
				C7C1F7051FD635360039507C /* Moment.swift in Sources */,
				BF_746411459837 /* Secrets.generated.swift in Sources */,
			);
			runOnlyForDeploymentPostprocessing = 0;
		};
		C7CFEA0E1FD376E6000AC4A6 /* Sources */ = {
			isa = PBXSourcesBuildPhase;
			buildActionMask = 2147483647;
			files = (
				C7CFEA151FD376E6000AC4A6 /* AppDelegate.swift in Sources */,
			);
			runOnlyForDeploymentPostprocessing = 0;
		};
/* End PBXSourcesBuildPhase section */

/* Begin PBXTargetDependency section */
		C7574F7D2352175700358397 /* PBXTargetDependency */ = {
			isa = PBXTargetDependency;
			target = C7CFEA111FD376E6000AC4A6 /* LunarService */;
			targetProxy = C7574F7C2352175700358397 /* PBXContainerItemProxy */;
		};
/* End PBXTargetDependency section */

/* Begin PBXVariantGroup section */
		C7AEC7FE1FD0B4350039B562 /* Main.storyboard */ = {
			isa = PBXVariantGroup;
			children = (
				C7AEC7FF1FD0B4350039B562 /* Base */,
			);
			name = Main.storyboard;
			sourceTree = "<group>";
		};
		C7CFEA1A1FD376E6000AC4A6 /* Main.storyboard */ = {
			isa = PBXVariantGroup;
			children = (
				C7CFEA1B1FD376E6000AC4A6 /* Base */,
			);
			name = Main.storyboard;
			sourceTree = "<group>";
		};
/* End PBXVariantGroup section */

/* Begin XCBuildConfiguration section */
		C7AEC8191FD0B4350039B562 /* Debug */ = {
			isa = XCBuildConfiguration;
			buildSettings = {
				ALWAYS_SEARCH_USER_PATHS = NO;
				CLANG_ANALYZER_NONNULL = YES;
				CLANG_ANALYZER_NUMBER_OBJECT_CONVERSION = YES_AGGRESSIVE;
				CLANG_CXX_LANGUAGE_STANDARD = "gnu++14";
				CLANG_CXX_LIBRARY = "libc++";
				CLANG_ENABLE_MODULES = YES;
				CLANG_ENABLE_OBJC_ARC = YES;
				CLANG_WARN_BLOCK_CAPTURE_AUTORELEASING = YES;
				CLANG_WARN_BOOL_CONVERSION = YES;
				CLANG_WARN_COMMA = YES;
				CLANG_WARN_CONSTANT_CONVERSION = YES;
				CLANG_WARN_DEPRECATED_OBJC_IMPLEMENTATIONS = YES;
				CLANG_WARN_DIRECT_OBJC_ISA_USAGE = YES_ERROR;
				CLANG_WARN_DOCUMENTATION_COMMENTS = YES;
				CLANG_WARN_EMPTY_BODY = YES;
				CLANG_WARN_ENUM_CONVERSION = YES;
				CLANG_WARN_INFINITE_RECURSION = YES;
				CLANG_WARN_INT_CONVERSION = YES;
				CLANG_WARN_NON_LITERAL_NULL_CONVERSION = YES;
				CLANG_WARN_OBJC_IMPLICIT_RETAIN_SELF = YES;
				CLANG_WARN_OBJC_LITERAL_CONVERSION = YES;
				CLANG_WARN_OBJC_ROOT_CLASS = YES_ERROR;
				CLANG_WARN_RANGE_LOOP_ANALYSIS = YES;
				CLANG_WARN_STRICT_PROTOTYPES = YES;
				CLANG_WARN_SUSPICIOUS_MOVE = YES;
				CLANG_WARN_UNGUARDED_AVAILABILITY = YES_AGGRESSIVE;
				CLANG_WARN_UNREACHABLE_CODE = YES;
				CLANG_WARN__DUPLICATE_METHOD_MATCH = YES;
				CODE_SIGN_IDENTITY = "Mac Developer";
				COPY_PHASE_STRIP = NO;
				DEBUG_INFORMATION_FORMAT = "dwarf-with-dsym";
				ENABLE_STRICT_OBJC_MSGSEND = YES;
				ENABLE_TESTABILITY = YES;
				GCC_C_LANGUAGE_STANDARD = gnu11;
				GCC_DYNAMIC_NO_PIC = NO;
				GCC_NO_COMMON_BLOCKS = YES;
				GCC_OPTIMIZATION_LEVEL = 0;
				GCC_PREPROCESSOR_DEFINITIONS = (
					"DEBUG=1",
					"$(inherited)",
				);
				GCC_WARN_64_TO_32_BIT_CONVERSION = YES;
				GCC_WARN_ABOUT_RETURN_TYPE = YES_ERROR;
				GCC_WARN_UNDECLARED_SELECTOR = YES;
				GCC_WARN_UNINITIALIZED_AUTOS = YES_AGGRESSIVE;
				GCC_WARN_UNUSED_FUNCTION = YES;
				GCC_WARN_UNUSED_VARIABLE = YES;
				MACOSX_DEPLOYMENT_TARGET = 10.11;
				MTL_ENABLE_DEBUG_INFO = YES;
				ONLY_ACTIVE_ARCH = YES;
				SDKROOT = macosx;
				SWIFT_ACTIVE_COMPILATION_CONDITIONS = DEBUG;
				SWIFT_OPTIMIZATION_LEVEL = "-Onone";
			};
			name = Debug;
		};
		C7AEC81A1FD0B4350039B562 /* Release */ = {
			isa = XCBuildConfiguration;
			buildSettings = {
				ALWAYS_SEARCH_USER_PATHS = NO;
				CLANG_ANALYZER_NONNULL = YES;
				CLANG_ANALYZER_NUMBER_OBJECT_CONVERSION = YES_AGGRESSIVE;
				CLANG_CXX_LANGUAGE_STANDARD = "gnu++14";
				CLANG_CXX_LIBRARY = "libc++";
				CLANG_ENABLE_MODULES = YES;
				CLANG_ENABLE_OBJC_ARC = YES;
				CLANG_WARN_BLOCK_CAPTURE_AUTORELEASING = YES;
				CLANG_WARN_BOOL_CONVERSION = YES;
				CLANG_WARN_COMMA = YES;
				CLANG_WARN_CONSTANT_CONVERSION = YES;
				CLANG_WARN_DEPRECATED_OBJC_IMPLEMENTATIONS = YES;
				CLANG_WARN_DIRECT_OBJC_ISA_USAGE = YES_ERROR;
				CLANG_WARN_DOCUMENTATION_COMMENTS = YES;
				CLANG_WARN_EMPTY_BODY = YES;
				CLANG_WARN_ENUM_CONVERSION = YES;
				CLANG_WARN_INFINITE_RECURSION = YES;
				CLANG_WARN_INT_CONVERSION = YES;
				CLANG_WARN_NON_LITERAL_NULL_CONVERSION = YES;
				CLANG_WARN_OBJC_IMPLICIT_RETAIN_SELF = YES;
				CLANG_WARN_OBJC_LITERAL_CONVERSION = YES;
				CLANG_WARN_OBJC_ROOT_CLASS = YES_ERROR;
				CLANG_WARN_RANGE_LOOP_ANALYSIS = YES;
				CLANG_WARN_STRICT_PROTOTYPES = YES;
				CLANG_WARN_SUSPICIOUS_MOVE = YES;
				CLANG_WARN_UNGUARDED_AVAILABILITY = YES_AGGRESSIVE;
				CLANG_WARN_UNREACHABLE_CODE = YES;
				CLANG_WARN__DUPLICATE_METHOD_MATCH = YES;
				CODE_SIGN_IDENTITY = "Mac Developer";
				COPY_PHASE_STRIP = NO;
				DEBUG_INFORMATION_FORMAT = "dwarf-with-dsym";
				ENABLE_NS_ASSERTIONS = NO;
				ENABLE_STRICT_OBJC_MSGSEND = YES;
				GCC_C_LANGUAGE_STANDARD = gnu11;
				GCC_NO_COMMON_BLOCKS = YES;
				GCC_WARN_64_TO_32_BIT_CONVERSION = YES;
				GCC_WARN_ABOUT_RETURN_TYPE = YES_ERROR;
				GCC_WARN_UNDECLARED_SELECTOR = YES;
				GCC_WARN_UNINITIALIZED_AUTOS = YES_AGGRESSIVE;
				GCC_WARN_UNUSED_FUNCTION = YES;
				GCC_WARN_UNUSED_VARIABLE = YES;
				MACOSX_DEPLOYMENT_TARGET = 10.11;
				MTL_ENABLE_DEBUG_INFO = NO;
				SDKROOT = macosx;
				SWIFT_COMPILATION_MODE = wholemodule;
				SWIFT_OPTIMIZATION_LEVEL = "-O";
			};
			name = Release;
		};
		C7AEC81C1FD0B4350039B562 /* Debug */ = {
			isa = XCBuildConfiguration;
			buildSettings = {
				ALWAYS_EMBED_SWIFT_STANDARD_LIBRARIES = NO;
				ASSETCATALOG_COMPILER_APPICON_NAME = AppIcon;
				CLANG_ENABLE_MODULES = YES;
				CODE_SIGN_ENTITLEMENTS = "";
				CODE_SIGN_IDENTITY = "Developer ID Application";
				CODE_SIGN_STYLE = Manual;
				COMBINE_HIDPI_IMAGES = YES;
				CURRENT_PROJECT_VERSION = 2.9.10;
				DEBUG_INFORMATION_FORMAT = "dwarf-with-dsym";
				DEVELOPMENT_ASSET_PATHS = "";
				DEVELOPMENT_TEAM = RDDXV84A73;
				ENABLE_HARDENED_RUNTIME = NO;
				FRAMEWORK_SEARCH_PATHS = (
					"$(inherited)",
					"$(PROJECT_DIR)/Frameworks",
					"$(PROJECT_DIR)",
				);
				GCC_OPTIMIZATION_LEVEL = 0;
				INFOPLIST_FILE = Lunar/Info.plist;
				LD_RUNPATH_SEARCH_PATHS = (
					"$(inherited)",
					"@executable_path/../Frameworks",
					"$(CONFIGURATION_BUILD_DIR)",
					"@loader_path/../Frameworks",
					"@executable_path/Frameworks",
				);
				LIBRARY_SEARCH_PATHS = (
					"$(inherited)",
					"$(PROJECT_DIR)/Frameworks",
				);
				MACOSX_DEPLOYMENT_TARGET = 10.11;
				MARKETING_VERSION = 2.9.10;
				OTHER_CODE_SIGN_FLAGS = "";
				PRODUCT_BUNDLE_IDENTIFIER = site.lunarapp.Lunar;
				PRODUCT_NAME = "$(TARGET_NAME)";
				PROVISIONING_PROFILE_SPECIFIER = "";
				SWIFT_OBJC_BRIDGING_HEADER = "Lunar/DDC/Lunar-Bridging-Header.h";
				SWIFT_OPTIMIZATION_LEVEL = "-Onone";
				SWIFT_VERSION = 5.0;
			};
			name = Debug;
		};
		C7AEC81D1FD0B4350039B562 /* Release */ = {
			isa = XCBuildConfiguration;
			buildSettings = {
				ALWAYS_EMBED_SWIFT_STANDARD_LIBRARIES = NO;
				ASSETCATALOG_COMPILER_APPICON_NAME = AppIcon;
				CLANG_ENABLE_MODULES = YES;
				CODE_SIGN_ENTITLEMENTS = "";
				CODE_SIGN_IDENTITY = "Developer ID Application";
				CODE_SIGN_STYLE = Manual;
				COMBINE_HIDPI_IMAGES = YES;
				CURRENT_PROJECT_VERSION = 2.9.10;
				DEVELOPMENT_ASSET_PATHS = "";
				DEVELOPMENT_TEAM = RDDXV84A73;
				ENABLE_HARDENED_RUNTIME = NO;
				FRAMEWORK_SEARCH_PATHS = (
					"$(inherited)",
					"$(PROJECT_DIR)/Frameworks",
					"$(PROJECT_DIR)",
				);
				GCC_OPTIMIZATION_LEVEL = s;
				INFOPLIST_FILE = Lunar/Info.plist;
				LD_RUNPATH_SEARCH_PATHS = (
					"$(inherited)",
					"@executable_path/../Frameworks",
					"$(CONFIGURATION_BUILD_DIR)",
					"@loader_path/../Frameworks",
				);
				LIBRARY_SEARCH_PATHS = (
					"$(inherited)",
					"$(PROJECT_DIR)/Frameworks",
				);
				MACOSX_DEPLOYMENT_TARGET = 10.11;
				MARKETING_VERSION = 2.9.10;
				OTHER_CODE_SIGN_FLAGS = "--timestamp";
				PRODUCT_BUNDLE_IDENTIFIER = site.lunarapp.Lunar;
				PRODUCT_NAME = "$(TARGET_NAME)";
				PROVISIONING_PROFILE_SPECIFIER = "";
				SWIFT_OBJC_BRIDGING_HEADER = "Lunar/DDC/Lunar-Bridging-Header.h";
				SWIFT_OPTIMIZATION_LEVEL = "-O";
				SWIFT_VERSION = 5.0;
			};
			name = Release;
		};
		C7CFEA1F1FD376E6000AC4A6 /* Debug */ = {
			isa = XCBuildConfiguration;
			buildSettings = {
				ASSETCATALOG_COMPILER_APPICON_NAME = AppIcon;
				CODE_SIGN_ENTITLEMENTS = "";
				CODE_SIGN_IDENTITY = "Developer ID Application";
				CODE_SIGN_STYLE = Manual;
				COMBINE_HIDPI_IMAGES = YES;
				DEVELOPMENT_TEAM = RDDXV84A73;
				ENABLE_HARDENED_RUNTIME = NO;
				FRAMEWORK_SEARCH_PATHS = (
					"$(inherited)",
					"$(PROJECT_DIR)/Frameworks",
				);
				INFOPLIST_FILE = LunarService/Info.plist;
				LD_RUNPATH_SEARCH_PATHS = (
					"$(inherited)",
					"@executable_path/../Frameworks",
				);
				MACOSX_DEPLOYMENT_TARGET = 10.11;
				OTHER_CODE_SIGN_FLAGS = "--deep";
				PRODUCT_BUNDLE_IDENTIFIER = site.lunarapp.LunarService;
				PRODUCT_NAME = "$(TARGET_NAME)";
				PROVISIONING_PROFILE_SPECIFIER = "";
				SKIP_INSTALL = YES;
				STRIP_INSTALLED_PRODUCT = YES;
				SWIFT_VERSION = 5.0;
			};
			name = Debug;
		};
		C7CFEA201FD376E6000AC4A6 /* Release */ = {
			isa = XCBuildConfiguration;
			buildSettings = {
				ASSETCATALOG_COMPILER_APPICON_NAME = AppIcon;
				CODE_SIGN_ENTITLEMENTS = "";
				CODE_SIGN_IDENTITY = "Developer ID Application";
				CODE_SIGN_STYLE = Manual;
				COMBINE_HIDPI_IMAGES = YES;
				DEVELOPMENT_TEAM = RDDXV84A73;
				ENABLE_HARDENED_RUNTIME = NO;
				FRAMEWORK_SEARCH_PATHS = (
					"$(inherited)",
					"$(PROJECT_DIR)/Frameworks",
				);
				INFOPLIST_FILE = LunarService/Info.plist;
				LD_RUNPATH_SEARCH_PATHS = (
					"$(inherited)",
					"@executable_path/../Frameworks",
				);
				MACOSX_DEPLOYMENT_TARGET = 10.11;
				OTHER_CODE_SIGN_FLAGS = "--timestamp --deep";
				PRODUCT_BUNDLE_IDENTIFIER = site.lunarapp.LunarService;
				PRODUCT_NAME = "$(TARGET_NAME)";
				PROVISIONING_PROFILE_SPECIFIER = "";
				SKIP_INSTALL = YES;
				STRIP_INSTALLED_PRODUCT = YES;
				SWIFT_VERSION = 5.0;
			};
			name = Release;
		};
/* End XCBuildConfiguration section */

/* Begin XCConfigurationList section */
		C7AEC7F01FD0B4350039B562 /* Build configuration list for PBXProject "Lunar" */ = {
			isa = XCConfigurationList;
			buildConfigurations = (
				C7AEC8191FD0B4350039B562 /* Debug */,
				C7AEC81A1FD0B4350039B562 /* Release */,
			);
			defaultConfigurationIsVisible = 0;
			defaultConfigurationName = Release;
		};
		C7AEC81B1FD0B4350039B562 /* Build configuration list for PBXNativeTarget "Lunar" */ = {
			isa = XCConfigurationList;
			buildConfigurations = (
				C7AEC81C1FD0B4350039B562 /* Debug */,
				C7AEC81D1FD0B4350039B562 /* Release */,
			);
			defaultConfigurationIsVisible = 0;
			defaultConfigurationName = Release;
		};
		C7CFEA211FD376E6000AC4A6 /* Build configuration list for PBXNativeTarget "LunarService" */ = {
			isa = XCConfigurationList;
			buildConfigurations = (
				C7CFEA1F1FD376E6000AC4A6 /* Debug */,
				C7CFEA201FD376E6000AC4A6 /* Release */,
			);
			defaultConfigurationIsVisible = 0;
			defaultConfigurationName = Release;
		};
/* End XCConfigurationList section */

/* Begin XCRemoteSwiftPackageReference section */
		C7FE72552391B3BC00EBA6DA /* XCRemoteSwiftPackageReference "BlueECC" */ = {
			isa = XCRemoteSwiftPackageReference;
			repositoryURL = "https://github.com/IBM-Swift/BlueECC.git";
			requirement = {
				kind = upToNextMajorVersion;
				minimumVersion = 1.2.5;
			};
		};
/* End XCRemoteSwiftPackageReference section */

/* Begin XCSwiftPackageProductDependency section */
		C7FE72562391B3BC00EBA6DA /* CryptorECC */ = {
			isa = XCSwiftPackageProductDependency;
			package = C7FE72552391B3BC00EBA6DA /* XCRemoteSwiftPackageReference "BlueECC" */;
			productName = CryptorECC;
		};
/* End XCSwiftPackageProductDependency section */
	};
	rootObject = C7AEC7ED1FD0B4350039B562 /* Project object */;
}
