// !$*UTF8*$!
{
	archiveVersion = 1;
	classes = {
	};
	objectVersion = 48;
	objects = {

/* Begin PBXBuildFile section */
		C7AEC7F91FD0B4350039B562 /* AppDelegate.swift in Sources */ = {isa = PBXBuildFile; fileRef = C7AEC7F81FD0B4350039B562 /* AppDelegate.swift */; };
		C7AEC7FB1FD0B4350039B562 /* ViewController.swift in Sources */ = {isa = PBXBuildFile; fileRef = C7AEC7FA1FD0B4350039B562 /* ViewController.swift */; };
		C7AEC7FD1FD0B4350039B562 /* Assets.xcassets in Resources */ = {isa = PBXBuildFile; fileRef = C7AEC7FC1FD0B4350039B562 /* Assets.xcassets */; };
		C7AEC8001FD0B4350039B562 /* Main.storyboard in Resources */ = {isa = PBXBuildFile; fileRef = C7AEC7FE1FD0B4350039B562 /* Main.storyboard */; };
		C7AEC80C1FD0B4350039B562 /* AdaptivoTests.swift in Sources */ = {isa = PBXBuildFile; fileRef = C7AEC80B1FD0B4350039B562 /* AdaptivoTests.swift */; };
		C7AEC8171FD0B4350039B562 /* AdaptivoUITests.swift in Sources */ = {isa = PBXBuildFile; fileRef = C7AEC8161FD0B4350039B562 /* AdaptivoUITests.swift */; };
/* End PBXBuildFile section */

/* Begin PBXContainerItemProxy section */
		C7AEC8081FD0B4350039B562 /* PBXContainerItemProxy */ = {
			isa = PBXContainerItemProxy;
			containerPortal = C7AEC7ED1FD0B4350039B562 /* Project object */;
			proxyType = 1;
			remoteGlobalIDString = C7AEC7F41FD0B4350039B562;
			remoteInfo = Adaptivo;
		};
		C7AEC8131FD0B4350039B562 /* PBXContainerItemProxy */ = {
			isa = PBXContainerItemProxy;
			containerPortal = C7AEC7ED1FD0B4350039B562 /* Project object */;
			proxyType = 1;
			remoteGlobalIDString = C7AEC7F41FD0B4350039B562;
			remoteInfo = Adaptivo;
		};
/* End PBXContainerItemProxy section */

/* Begin PBXFileReference section */
		C7AEC7F51FD0B4350039B562 /* Adaptivo.app */ = {isa = PBXFileReference; explicitFileType = wrapper.application; includeInIndex = 0; path = Adaptivo.app; sourceTree = BUILT_PRODUCTS_DIR; };
		C7AEC7F81FD0B4350039B562 /* AppDelegate.swift */ = {isa = PBXFileReference; lastKnownFileType = sourcecode.swift; path = AppDelegate.swift; sourceTree = "<group>"; };
		C7AEC7FA1FD0B4350039B562 /* ViewController.swift */ = {isa = PBXFileReference; lastKnownFileType = sourcecode.swift; path = ViewController.swift; sourceTree = "<group>"; };
		C7AEC7FC1FD0B4350039B562 /* Assets.xcassets */ = {isa = PBXFileReference; lastKnownFileType = folder.assetcatalog; path = Assets.xcassets; sourceTree = "<group>"; };
		C7AEC7FF1FD0B4350039B562 /* Base */ = {isa = PBXFileReference; lastKnownFileType = file.storyboard; name = Base; path = Base.lproj/Main.storyboard; sourceTree = "<group>"; };
		C7AEC8011FD0B4350039B562 /* Info.plist */ = {isa = PBXFileReference; lastKnownFileType = text.plist.xml; path = Info.plist; sourceTree = "<group>"; };
		C7AEC8021FD0B4350039B562 /* Adaptivo.entitlements */ = {isa = PBXFileReference; lastKnownFileType = text.plist.entitlements; path = Adaptivo.entitlements; sourceTree = "<group>"; };
		C7AEC8071FD0B4350039B562 /* AdaptivoTests.xctest */ = {isa = PBXFileReference; explicitFileType = wrapper.cfbundle; includeInIndex = 0; path = AdaptivoTests.xctest; sourceTree = BUILT_PRODUCTS_DIR; };
		C7AEC80B1FD0B4350039B562 /* AdaptivoTests.swift */ = {isa = PBXFileReference; lastKnownFileType = sourcecode.swift; path = AdaptivoTests.swift; sourceTree = "<group>"; };
		C7AEC80D1FD0B4350039B562 /* Info.plist */ = {isa = PBXFileReference; lastKnownFileType = text.plist.xml; path = Info.plist; sourceTree = "<group>"; };
		C7AEC8121FD0B4350039B562 /* AdaptivoUITests.xctest */ = {isa = PBXFileReference; explicitFileType = wrapper.cfbundle; includeInIndex = 0; path = AdaptivoUITests.xctest; sourceTree = BUILT_PRODUCTS_DIR; };
		C7AEC8161FD0B4350039B562 /* AdaptivoUITests.swift */ = {isa = PBXFileReference; lastKnownFileType = sourcecode.swift; path = AdaptivoUITests.swift; sourceTree = "<group>"; };
		C7AEC8181FD0B4350039B562 /* Info.plist */ = {isa = PBXFileReference; lastKnownFileType = text.plist.xml; path = Info.plist; sourceTree = "<group>"; };
/* End PBXFileReference section */

/* Begin PBXFrameworksBuildPhase section */
		C7AEC7F21FD0B4350039B562 /* Frameworks */ = {
			isa = PBXFrameworksBuildPhase;
			buildActionMask = 2147483647;
			files = (
			);
			runOnlyForDeploymentPostprocessing = 0;
		};
		C7AEC8041FD0B4350039B562 /* Frameworks */ = {
			isa = PBXFrameworksBuildPhase;
			buildActionMask = 2147483647;
			files = (
			);
			runOnlyForDeploymentPostprocessing = 0;
		};
		C7AEC80F1FD0B4350039B562 /* Frameworks */ = {
			isa = PBXFrameworksBuildPhase;
			buildActionMask = 2147483647;
			files = (
			);
			runOnlyForDeploymentPostprocessing = 0;
		};
/* End PBXFrameworksBuildPhase section */

/* Begin PBXGroup section */
		C7AEC7EC1FD0B4350039B562 = {
			isa = PBXGroup;
			children = (
				C7AEC7F71FD0B4350039B562 /* Adaptivo */,
				C7AEC80A1FD0B4350039B562 /* AdaptivoTests */,
				C7AEC8151FD0B4350039B562 /* AdaptivoUITests */,
				C7AEC7F61FD0B4350039B562 /* Products */,
			);
			sourceTree = "<group>";
		};
		C7AEC7F61FD0B4350039B562 /* Products */ = {
			isa = PBXGroup;
			children = (
				C7AEC7F51FD0B4350039B562 /* Adaptivo.app */,
				C7AEC8071FD0B4350039B562 /* AdaptivoTests.xctest */,
				C7AEC8121FD0B4350039B562 /* AdaptivoUITests.xctest */,
			);
			name = Products;
			sourceTree = "<group>";
		};
		C7AEC7F71FD0B4350039B562 /* Adaptivo */ = {
			isa = PBXGroup;
			children = (
				C7AEC7F81FD0B4350039B562 /* AppDelegate.swift */,
				C7AEC7FA1FD0B4350039B562 /* ViewController.swift */,
				C7AEC7FC1FD0B4350039B562 /* Assets.xcassets */,
				C7AEC7FE1FD0B4350039B562 /* Main.storyboard */,
				C7AEC8011FD0B4350039B562 /* Info.plist */,
				C7AEC8021FD0B4350039B562 /* Adaptivo.entitlements */,
			);
			path = Adaptivo;
			sourceTree = "<group>";
		};
		C7AEC80A1FD0B4350039B562 /* AdaptivoTests */ = {
			isa = PBXGroup;
			children = (
				C7AEC80B1FD0B4350039B562 /* AdaptivoTests.swift */,
				C7AEC80D1FD0B4350039B562 /* Info.plist */,
			);
			path = AdaptivoTests;
			sourceTree = "<group>";
		};
		C7AEC8151FD0B4350039B562 /* AdaptivoUITests */ = {
			isa = PBXGroup;
			children = (
				C7AEC8161FD0B4350039B562 /* AdaptivoUITests.swift */,
				C7AEC8181FD0B4350039B562 /* Info.plist */,
			);
			path = AdaptivoUITests;
			sourceTree = "<group>";
		};
/* End PBXGroup section */

/* Begin PBXNativeTarget section */
		C7AEC7F41FD0B4350039B562 /* Adaptivo */ = {
			isa = PBXNativeTarget;
			buildConfigurationList = C7AEC81B1FD0B4350039B562 /* Build configuration list for PBXNativeTarget "Adaptivo" */;
			buildPhases = (
				C7AEC7F11FD0B4350039B562 /* Sources */,
				C7AEC7F21FD0B4350039B562 /* Frameworks */,
				C7AEC7F31FD0B4350039B562 /* Resources */,
			);
			buildRules = (
			);
			dependencies = (
			);
			name = Adaptivo;
			productName = Adaptivo;
			productReference = C7AEC7F51FD0B4350039B562 /* Adaptivo.app */;
			productType = "com.apple.product-type.application";
		};
		C7AEC8061FD0B4350039B562 /* AdaptivoTests */ = {
			isa = PBXNativeTarget;
			buildConfigurationList = C7AEC81E1FD0B4350039B562 /* Build configuration list for PBXNativeTarget "AdaptivoTests" */;
			buildPhases = (
				C7AEC8031FD0B4350039B562 /* Sources */,
				C7AEC8041FD0B4350039B562 /* Frameworks */,
				C7AEC8051FD0B4350039B562 /* Resources */,
			);
			buildRules = (
			);
			dependencies = (
				C7AEC8091FD0B4350039B562 /* PBXTargetDependency */,
			);
			name = AdaptivoTests;
			productName = AdaptivoTests;
			productReference = C7AEC8071FD0B4350039B562 /* AdaptivoTests.xctest */;
			productType = "com.apple.product-type.bundle.unit-test";
		};
		C7AEC8111FD0B4350039B562 /* AdaptivoUITests */ = {
			isa = PBXNativeTarget;
			buildConfigurationList = C7AEC8211FD0B4350039B562 /* Build configuration list for PBXNativeTarget "AdaptivoUITests" */;
			buildPhases = (
				C7AEC80E1FD0B4350039B562 /* Sources */,
				C7AEC80F1FD0B4350039B562 /* Frameworks */,
				C7AEC8101FD0B4350039B562 /* Resources */,
			);
			buildRules = (
			);
			dependencies = (
				C7AEC8141FD0B4350039B562 /* PBXTargetDependency */,
			);
			name = AdaptivoUITests;
			productName = AdaptivoUITests;
			productReference = C7AEC8121FD0B4350039B562 /* AdaptivoUITests.xctest */;
			productType = "com.apple.product-type.bundle.ui-testing";
		};
/* End PBXNativeTarget section */

/* Begin PBXProject section */
		C7AEC7ED1FD0B4350039B562 /* Project object */ = {
			isa = PBXProject;
			attributes = {
				LastSwiftUpdateCheck = 0910;
				LastUpgradeCheck = 0910;
				ORGANIZATIONNAME = Alin;
				TargetAttributes = {
					C7AEC7F41FD0B4350039B562 = {
						CreatedOnToolsVersion = 9.1;
						ProvisioningStyle = Automatic;
					};
					C7AEC8061FD0B4350039B562 = {
						CreatedOnToolsVersion = 9.1;
						ProvisioningStyle = Automatic;
						TestTargetID = C7AEC7F41FD0B4350039B562;
					};
					C7AEC8111FD0B4350039B562 = {
						CreatedOnToolsVersion = 9.1;
						ProvisioningStyle = Automatic;
						TestTargetID = C7AEC7F41FD0B4350039B562;
					};
				};
			};
			buildConfigurationList = C7AEC7F01FD0B4350039B562 /* Build configuration list for PBXProject "Adaptivo" */;
			compatibilityVersion = "Xcode 8.0";
			developmentRegion = en;
			hasScannedForEncodings = 0;
			knownRegions = (
				en,
				Base,
			);
			mainGroup = C7AEC7EC1FD0B4350039B562;
			productRefGroup = C7AEC7F61FD0B4350039B562 /* Products */;
			projectDirPath = "";
			projectRoot = "";
			targets = (
				C7AEC7F41FD0B4350039B562 /* Adaptivo */,
				C7AEC8061FD0B4350039B562 /* AdaptivoTests */,
				C7AEC8111FD0B4350039B562 /* AdaptivoUITests */,
			);
		};
/* End PBXProject section */

/* Begin PBXResourcesBuildPhase section */
		C7AEC7F31FD0B4350039B562 /* Resources */ = {
			isa = PBXResourcesBuildPhase;
			buildActionMask = 2147483647;
			files = (
				C7AEC7FD1FD0B4350039B562 /* Assets.xcassets in Resources */,
				C7AEC8001FD0B4350039B562 /* Main.storyboard in Resources */,
			);
			runOnlyForDeploymentPostprocessing = 0;
		};
		C7AEC8051FD0B4350039B562 /* Resources */ = {
			isa = PBXResourcesBuildPhase;
			buildActionMask = 2147483647;
			files = (
			);
			runOnlyForDeploymentPostprocessing = 0;
		};
		C7AEC8101FD0B4350039B562 /* Resources */ = {
			isa = PBXResourcesBuildPhase;
			buildActionMask = 2147483647;
			files = (
			);
			runOnlyForDeploymentPostprocessing = 0;
		};
/* End PBXResourcesBuildPhase section */

/* Begin PBXSourcesBuildPhase section */
		C7AEC7F11FD0B4350039B562 /* Sources */ = {
			isa = PBXSourcesBuildPhase;
			buildActionMask = 2147483647;
			files = (
				C7AEC7FB1FD0B4350039B562 /* ViewController.swift in Sources */,
				C7AEC7F91FD0B4350039B562 /* AppDelegate.swift in Sources */,
			);
			runOnlyForDeploymentPostprocessing = 0;
		};
		C7AEC8031FD0B4350039B562 /* Sources */ = {
			isa = PBXSourcesBuildPhase;
			buildActionMask = 2147483647;
			files = (
				C7AEC80C1FD0B4350039B562 /* AdaptivoTests.swift in Sources */,
			);
			runOnlyForDeploymentPostprocessing = 0;
		};
		C7AEC80E1FD0B4350039B562 /* Sources */ = {
			isa = PBXSourcesBuildPhase;
			buildActionMask = 2147483647;
			files = (
				C7AEC8171FD0B4350039B562 /* AdaptivoUITests.swift in Sources */,
			);
			runOnlyForDeploymentPostprocessing = 0;
		};
/* End PBXSourcesBuildPhase section */

/* Begin PBXTargetDependency section */
		C7AEC8091FD0B4350039B562 /* PBXTargetDependency */ = {
			isa = PBXTargetDependency;
			target = C7AEC7F41FD0B4350039B562 /* Adaptivo */;
			targetProxy = C7AEC8081FD0B4350039B562 /* PBXContainerItemProxy */;
		};
		C7AEC8141FD0B4350039B562 /* PBXTargetDependency */ = {
			isa = PBXTargetDependency;
			target = C7AEC7F41FD0B4350039B562 /* Adaptivo */;
			targetProxy = C7AEC8131FD0B4350039B562 /* PBXContainerItemProxy */;
		};
/* End PBXTargetDependency section */

/* Begin PBXVariantGroup section */
		C7AEC7FE1FD0B4350039B562 /* Main.storyboard */ = {
			isa = PBXVariantGroup;
			children = (
				C7AEC7FF1FD0B4350039B562 /* Base */,
			);
			name = Main.storyboard;
			sourceTree = "<group>";
		};
/* End PBXVariantGroup section */

/* Begin XCBuildConfiguration section */
		C7AEC8191FD0B4350039B562 /* Debug */ = {
			isa = XCBuildConfiguration;
			buildSettings = {
				ALWAYS_SEARCH_USER_PATHS = NO;
				CLANG_ANALYZER_NONNULL = YES;
				CLANG_ANALYZER_NUMBER_OBJECT_CONVERSION = YES_AGGRESSIVE;
				CLANG_CXX_LANGUAGE_STANDARD = "gnu++14";
				CLANG_CXX_LIBRARY = "libc++";
				CLANG_ENABLE_MODULES = YES;
				CLANG_ENABLE_OBJC_ARC = YES;
				CLANG_WARN_BLOCK_CAPTURE_AUTORELEASING = YES;
				CLANG_WARN_BOOL_CONVERSION = YES;
				CLANG_WARN_COMMA = YES;
				CLANG_WARN_CONSTANT_CONVERSION = YES;
				CLANG_WARN_DIRECT_OBJC_ISA_USAGE = YES_ERROR;
				CLANG_WARN_DOCUMENTATION_COMMENTS = YES;
				CLANG_WARN_EMPTY_BODY = YES;
				CLANG_WARN_ENUM_CONVERSION = YES;
				CLANG_WARN_INFINITE_RECURSION = YES;
				CLANG_WARN_INT_CONVERSION = YES;
				CLANG_WARN_NON_LITERAL_NULL_CONVERSION = YES;
				CLANG_WARN_OBJC_LITERAL_CONVERSION = YES;
				CLANG_WARN_OBJC_ROOT_CLASS = YES_ERROR;
				CLANG_WARN_RANGE_LOOP_ANALYSIS = YES;
				CLANG_WARN_STRICT_PROTOTYPES = YES;
				CLANG_WARN_SUSPICIOUS_MOVE = YES;
				CLANG_WARN_UNGUARDED_AVAILABILITY = YES_AGGRESSIVE;
				CLANG_WARN_UNREACHABLE_CODE = YES;
				CLANG_WARN__DUPLICATE_METHOD_MATCH = YES;
				CODE_SIGN_IDENTITY = "Mac Developer";
				COPY_PHASE_STRIP = NO;
				DEBUG_INFORMATION_FORMAT = dwarf;
				ENABLE_STRICT_OBJC_MSGSEND = YES;
				ENABLE_TESTABILITY = YES;
				GCC_C_LANGUAGE_STANDARD = gnu11;
				GCC_DYNAMIC_NO_PIC = NO;
				GCC_NO_COMMON_BLOCKS = YES;
				GCC_OPTIMIZATION_LEVEL = 0;
				GCC_PREPROCESSOR_DEFINITIONS = (
					"DEBUG=1",
					"$(inherited)",
				);
				GCC_WARN_64_TO_32_BIT_CONVERSION = YES;
				GCC_WARN_ABOUT_RETURN_TYPE = YES_ERROR;
				GCC_WARN_UNDECLARED_SELECTOR = YES;
				GCC_WARN_UNINITIALIZED_AUTOS = YES_AGGRESSIVE;
				GCC_WARN_UNUSED_FUNCTION = YES;
				GCC_WARN_UNUSED_VARIABLE = YES;
				MACOSX_DEPLOYMENT_TARGET = 10.13;
				MTL_ENABLE_DEBUG_INFO = YES;
				ONLY_ACTIVE_ARCH = YES;
				SDKROOT = macosx;
				SWIFT_ACTIVE_COMPILATION_CONDITIONS = DEBUG;
				SWIFT_OPTIMIZATION_LEVEL = "-Onone";
			};
			name = Debug;
		};
		C7AEC81A1FD0B4350039B562 /* Release */ = {
			isa = XCBuildConfiguration;
			buildSettings = {
				ALWAYS_SEARCH_USER_PATHS = NO;
				CLANG_ANALYZER_NONNULL = YES;
				CLANG_ANALYZER_NUMBER_OBJECT_CONVERSION = YES_AGGRESSIVE;
				CLANG_CXX_LANGUAGE_STANDARD = "gnu++14";
				CLANG_CXX_LIBRARY = "libc++";
				CLANG_ENABLE_MODULES = YES;
				CLANG_ENABLE_OBJC_ARC = YES;
				CLANG_WARN_BLOCK_CAPTURE_AUTORELEASING = YES;
				CLANG_WARN_BOOL_CONVERSION = YES;
				CLANG_WARN_COMMA = YES;
				CLANG_WARN_CONSTANT_CONVERSION = YES;
				CLANG_WARN_DIRECT_OBJC_ISA_USAGE = YES_ERROR;
				CLANG_WARN_DOCUMENTATION_COMMENTS = YES;
				CLANG_WARN_EMPTY_BODY = YES;
				CLANG_WARN_ENUM_CONVERSION = YES;
				CLANG_WARN_INFINITE_RECURSION = YES;
				CLANG_WARN_INT_CONVERSION = YES;
				CLANG_WARN_NON_LITERAL_NULL_CONVERSION = YES;
				CLANG_WARN_OBJC_LITERAL_CONVERSION = YES;
				CLANG_WARN_OBJC_ROOT_CLASS = YES_ERROR;
				CLANG_WARN_RANGE_LOOP_ANALYSIS = YES;
				CLANG_WARN_STRICT_PROTOTYPES = YES;
				CLANG_WARN_SUSPICIOUS_MOVE = YES;
				CLANG_WARN_UNGUARDED_AVAILABILITY = YES_AGGRESSIVE;
				CLANG_WARN_UNREACHABLE_CODE = YES;
				CLANG_WARN__DUPLICATE_METHOD_MATCH = YES;
				CODE_SIGN_IDENTITY = "Mac Developer";
				COPY_PHASE_STRIP = NO;
				DEBUG_INFORMATION_FORMAT = "dwarf-with-dsym";
				ENABLE_NS_ASSERTIONS = NO;
				ENABLE_STRICT_OBJC_MSGSEND = YES;
				GCC_C_LANGUAGE_STANDARD = gnu11;
				GCC_NO_COMMON_BLOCKS = YES;
				GCC_WARN_64_TO_32_BIT_CONVERSION = YES;
				GCC_WARN_ABOUT_RETURN_TYPE = YES_ERROR;
				GCC_WARN_UNDECLARED_SELECTOR = YES;
				GCC_WARN_UNINITIALIZED_AUTOS = YES_AGGRESSIVE;
				GCC_WARN_UNUSED_FUNCTION = YES;
				GCC_WARN_UNUSED_VARIABLE = YES;
				MACOSX_DEPLOYMENT_TARGET = 10.13;
				MTL_ENABLE_DEBUG_INFO = NO;
				SDKROOT = macosx;
				SWIFT_OPTIMIZATION_LEVEL = "-Owholemodule";
			};
			name = Release;
		};
		C7AEC81C1FD0B4350039B562 /* Debug */ = {
			isa = XCBuildConfiguration;
			buildSettings = {
				ASSETCATALOG_COMPILER_APPICON_NAME = AppIcon;
				CODE_SIGN_ENTITLEMENTS = Adaptivo/Adaptivo.entitlements;
				CODE_SIGN_STYLE = Automatic;
				COMBINE_HIDPI_IMAGES = YES;
				DEVELOPMENT_TEAM = RDDXV84A73;
				INFOPLIST_FILE = Adaptivo/Info.plist;
				LD_RUNPATH_SEARCH_PATHS = "$(inherited) @executable_path/../Frameworks";
				PRODUCT_BUNDLE_IDENTIFIER = com.alinp.Adaptivo;
				PRODUCT_NAME = "$(TARGET_NAME)";
				SWIFT_VERSION = 4.0;
			};
			name = Debug;
		};
		C7AEC81D1FD0B4350039B562 /* Release */ = {
			isa = XCBuildConfiguration;
			buildSettings = {
				ASSETCATALOG_COMPILER_APPICON_NAME = AppIcon;
				CODE_SIGN_ENTITLEMENTS = Adaptivo/Adaptivo.entitlements;
				CODE_SIGN_STYLE = Automatic;
				COMBINE_HIDPI_IMAGES = YES;
				DEVELOPMENT_TEAM = RDDXV84A73;
				INFOPLIST_FILE = Adaptivo/Info.plist;
				LD_RUNPATH_SEARCH_PATHS = "$(inherited) @executable_path/../Frameworks";
				PRODUCT_BUNDLE_IDENTIFIER = com.alinp.Adaptivo;
				PRODUCT_NAME = "$(TARGET_NAME)";
				SWIFT_VERSION = 4.0;
			};
			name = Release;
		};
		C7AEC81F1FD0B4350039B562 /* Debug */ = {
			isa = XCBuildConfiguration;
			buildSettings = {
				ALWAYS_EMBED_SWIFT_STANDARD_LIBRARIES = YES;
				BUNDLE_LOADER = "$(TEST_HOST)";
				CODE_SIGN_STYLE = Automatic;
				COMBINE_HIDPI_IMAGES = YES;
				DEVELOPMENT_TEAM = RDDXV84A73;
				INFOPLIST_FILE = AdaptivoTests/Info.plist;
				LD_RUNPATH_SEARCH_PATHS = "$(inherited) @executable_path/../Frameworks @loader_path/../Frameworks";
				PRODUCT_BUNDLE_IDENTIFIER = com.alinp.AdaptivoTests;
				PRODUCT_NAME = "$(TARGET_NAME)";
				SWIFT_VERSION = 4.0;
				TEST_HOST = "$(BUILT_PRODUCTS_DIR)/Adaptivo.app/Contents/MacOS/Adaptivo";
			};
			name = Debug;
		};
		C7AEC8201FD0B4350039B562 /* Release */ = {
			isa = XCBuildConfiguration;
			buildSettings = {
				ALWAYS_EMBED_SWIFT_STANDARD_LIBRARIES = YES;
				BUNDLE_LOADER = "$(TEST_HOST)";
				CODE_SIGN_STYLE = Automatic;
				COMBINE_HIDPI_IMAGES = YES;
				DEVELOPMENT_TEAM = RDDXV84A73;
				INFOPLIST_FILE = AdaptivoTests/Info.plist;
				LD_RUNPATH_SEARCH_PATHS = "$(inherited) @executable_path/../Frameworks @loader_path/../Frameworks";
				PRODUCT_BUNDLE_IDENTIFIER = com.alinp.AdaptivoTests;
				PRODUCT_NAME = "$(TARGET_NAME)";
				SWIFT_VERSION = 4.0;
				TEST_HOST = "$(BUILT_PRODUCTS_DIR)/Adaptivo.app/Contents/MacOS/Adaptivo";
			};
			name = Release;
		};
		C7AEC8221FD0B4350039B562 /* Debug */ = {
			isa = XCBuildConfiguration;
			buildSettings = {
				ALWAYS_EMBED_SWIFT_STANDARD_LIBRARIES = YES;
				CODE_SIGN_STYLE = Automatic;
				COMBINE_HIDPI_IMAGES = YES;
				DEVELOPMENT_TEAM = RDDXV84A73;
				INFOPLIST_FILE = AdaptivoUITests/Info.plist;
				LD_RUNPATH_SEARCH_PATHS = "$(inherited) @executable_path/../Frameworks @loader_path/../Frameworks";
				PRODUCT_BUNDLE_IDENTIFIER = com.alinp.AdaptivoUITests;
				PRODUCT_NAME = "$(TARGET_NAME)";
				SWIFT_VERSION = 4.0;
				TEST_TARGET_NAME = Adaptivo;
			};
			name = Debug;
		};
		C7AEC8231FD0B4350039B562 /* Release */ = {
			isa = XCBuildConfiguration;
			buildSettings = {
				ALWAYS_EMBED_SWIFT_STANDARD_LIBRARIES = YES;
				CODE_SIGN_STYLE = Automatic;
				COMBINE_HIDPI_IMAGES = YES;
				DEVELOPMENT_TEAM = RDDXV84A73;
				INFOPLIST_FILE = AdaptivoUITests/Info.plist;
				LD_RUNPATH_SEARCH_PATHS = "$(inherited) @executable_path/../Frameworks @loader_path/../Frameworks";
				PRODUCT_BUNDLE_IDENTIFIER = com.alinp.AdaptivoUITests;
				PRODUCT_NAME = "$(TARGET_NAME)";
				SWIFT_VERSION = 4.0;
				TEST_TARGET_NAME = Adaptivo;
			};
			name = Release;
		};
/* End XCBuildConfiguration section */

/* Begin XCConfigurationList section */
		C7AEC7F01FD0B4350039B562 /* Build configuration list for PBXProject "Adaptivo" */ = {
			isa = XCConfigurationList;
			buildConfigurations = (
				C7AEC8191FD0B4350039B562 /* Debug */,
				C7AEC81A1FD0B4350039B562 /* Release */,
			);
			defaultConfigurationIsVisible = 0;
			defaultConfigurationName = Release;
		};
		C7AEC81B1FD0B4350039B562 /* Build configuration list for PBXNativeTarget "Adaptivo" */ = {
			isa = XCConfigurationList;
			buildConfigurations = (
				C7AEC81C1FD0B4350039B562 /* Debug */,
				C7AEC81D1FD0B4350039B562 /* Release */,
			);
			defaultConfigurationIsVisible = 0;
			defaultConfigurationName = Release;
		};
		C7AEC81E1FD0B4350039B562 /* Build configuration list for PBXNativeTarget "AdaptivoTests" */ = {
			isa = XCConfigurationList;
			buildConfigurations = (
				C7AEC81F1FD0B4350039B562 /* Debug */,
				C7AEC8201FD0B4350039B562 /* Release */,
			);
			defaultConfigurationIsVisible = 0;
			defaultConfigurationName = Release;
		};
		C7AEC8211FD0B4350039B562 /* Build configuration list for PBXNativeTarget "AdaptivoUITests" */ = {
			isa = XCConfigurationList;
			buildConfigurations = (
				C7AEC8221FD0B4350039B562 /* Debug */,
				C7AEC8231FD0B4350039B562 /* Release */,
			);
			defaultConfigurationIsVisible = 0;
			defaultConfigurationName = Release;
		};
/* End XCConfigurationList section */
	};
	rootObject = C7AEC7ED1FD0B4350039B562 /* Project object */;
}
